{
  "originHash" : "5dcb97139ee4e11d1466983ce602e13031254bc3b17a0f716a3338b97bb81129",
  "pins" : [
    {
      "identity" : "feedkit",
      "kind" : "remoteSourceControl",
      "location" : "https://github.com/nmdias/FeedKit",
      "state" : {
        "revision" : "68493a33d862c33c9a9f67ec729b3b7df1b20ade",
        "version" : "9.1.2"
      }
    },
    {
      "identity" : "kingfisher",
      "kind" : "remoteSourceControl",
      "location" : "https://github.com/onevcat/Kingfisher",
      "state" : {
        "revision" : "5b92f029fab2cce44386d28588098b5be0824ef5",
        "version" : "7.11.0"
      }
    },
    {
      "identity" : "swift-collections",
      "kind" : "remoteSourceControl",
      "location" : "https://github.com/apple/swift-collections.git",
      "state" : {
        "revision" : "94cf62b3ba8d4bed62680a282d4c25f9c63c2efb",
        "version" : "1.1.0"
      }
    },
    {
      "identity" : "tmdb",
      "kind" : "remoteSourceControl",
      "location" : "https://github.com/adamayoung/TMDb",
      "state" : {
        "revision" : "6049b86f2d28abd35a114e962db5a41b5c2fb027",
        "version" : "11.1.0"
      }
    }
  ],
  "version" : 3
}
