// !$*UTF8*$!
{
	archiveVersion = 1;
	classes = {
	};
	objectVersion = 56;
	objects = {

/* Begin PBXBuildFile section */
		701123272B839E9B002BB21E /* RegexPattern.swift in Sources */ = {isa = PBXBuildFile; fileRef = 701123262B839E9B002BB21E /* RegexPattern.swift */; };
		7011232A2B83A2B8002BB21E /* KeychainStorage.swift in Sources */ = {isa = PBXBuildFile; fileRef = 701123292B83A2B8002BB21E /* KeychainStorage.swift */; };
		7011232F2B83A4B8002BB21E /* KeychainStorage+.swift in Sources */ = {isa = PBXBuildFile; fileRef = 7011232E2B83A4B8002BB21E /* KeychainStorage+.swift */; };
		701123362B847C77002BB21E /* PersonView.swift in Sources */ = {isa = PBXBuildFile; fileRef = 701123352B847C77002BB21E /* PersonView.swift */; };
		701123382B847E24002BB21E /* PersonDetail.swift in Sources */ = {isa = PBXBuildFile; fileRef = 701123372B847E24002BB21E /* PersonDetail.swift */; };
		701875CD2B751FBA00A560FC /* WindowState.swift in Sources */ = {isa = PBXBuildFile; fileRef = 701875CC2B751FBA00A560FC /* WindowState.swift */; };
		705AF55A2B74C23E00A3D3C7 /* AVAudioPlayerNode+.swift in Sources */ = {isa = PBXBuildFile; fileRef = 705AF5592B74C23E00A3D3C7 /* AVAudioPlayerNode+.swift */; };
		705BD9222B71F830004CED50 /* Comparable+.swift in Sources */ = {isa = PBXBuildFile; fileRef = 705BD9212B71F830004CED50 /* Comparable+.swift */; };
		705DF6E22B6C9F76006D9726 /* ArthubApp.swift in Sources */ = {isa = PBXBuildFile; fileRef = 705DF6E12B6C9F76006D9726 /* ArthubApp.swift */; };
		705DF6E82B6C9F77006D9726 /* Assets.xcassets in Resources */ = {isa = PBXBuildFile; fileRef = 705DF6E72B6C9F77006D9726 /* Assets.xcassets */; };
		705DF6EB2B6C9F77006D9726 /* Preview Assets.xcassets in Resources */ = {isa = PBXBuildFile; fileRef = 705DF6EA2B6C9F77006D9726 /* Preview Assets.xcassets */; };
		705DF6F62B6C9F77006D9726 /* ArthubTests.swift in Sources */ = {isa = PBXBuildFile; fileRef = 705DF6F52B6C9F77006D9726 /* ArthubTests.swift */; };
		705DF7002B6C9F77006D9726 /* ArthubUITests.swift in Sources */ = {isa = PBXBuildFile; fileRef = 705DF6FF2B6C9F77006D9726 /* ArthubUITests.swift */; };
		705DF7022B6C9F77006D9726 /* ArthubUITestsLaunchTests.swift in Sources */ = {isa = PBXBuildFile; fileRef = 705DF7012B6C9F77006D9726 /* ArthubUITestsLaunchTests.swift */; };
		705DF7142B6C9FA9006D9726 /* View+.swift in Sources */ = {isa = PBXBuildFile; fileRef = 705DF7112B6C9FA9006D9726 /* View+.swift */; };
		705DF7152B6C9FA9006D9726 /* DateComponentsFormatter+.swift in Sources */ = {isa = PBXBuildFile; fileRef = 705DF7122B6C9FA9006D9726 /* DateComponentsFormatter+.swift */; };
		705DF7162B6C9FA9006D9726 /* TimeInterval+.swift in Sources */ = {isa = PBXBuildFile; fileRef = 705DF7132B6C9FA9006D9726 /* TimeInterval+.swift */; };
		705DF7262B6C9FB9006D9726 /* Music.swift in Sources */ = {isa = PBXBuildFile; fileRef = 705DF7182B6C9FB9006D9726 /* Music.swift */; };
		705DF7282B6C9FB9006D9726 /* MusicInspectorView.swift in Sources */ = {isa = PBXBuildFile; fileRef = 705DF71C2B6C9FB9006D9726 /* MusicInspectorView.swift */; };
		705DF7292B6C9FB9006D9726 /* MusicCardView.swift in Sources */ = {isa = PBXBuildFile; fileRef = 705DF71D2B6C9FB9006D9726 /* MusicCardView.swift */; };
		705DF72A2B6C9FB9006D9726 /* MusicView.swift in Sources */ = {isa = PBXBuildFile; fileRef = 705DF71E2B6C9FB9006D9726 /* MusicView.swift */; };
		705DF72B2B6C9FB9006D9726 /* MusicPlayerView.swift in Sources */ = {isa = PBXBuildFile; fileRef = 705DF71F2B6C9FB9006D9726 /* MusicPlayerView.swift */; };
		705DF72C2B6C9FB9006D9726 /* MovieCardView.swift in Sources */ = {isa = PBXBuildFile; fileRef = 705DF7212B6C9FB9006D9726 /* MovieCardView.swift */; };
		705DF72D2B6C9FB9006D9726 /* MovieView.swift in Sources */ = {isa = PBXBuildFile; fileRef = 705DF7222B6C9FB9006D9726 /* MovieView.swift */; };
		705DF72E2B6C9FB9006D9726 /* MoviePlayerView.swift in Sources */ = {isa = PBXBuildFile; fileRef = 705DF7232B6C9FB9006D9726 /* MoviePlayerView.swift */; };
		705DF72F2B6C9FB9006D9726 /* MovieDetailView.swift in Sources */ = {isa = PBXBuildFile; fileRef = 705DF7242B6C9FB9006D9726 /* MovieDetailView.swift */; };
		705DF7302B6C9FB9006D9726 /* VideoPlayer.swift in Sources */ = {isa = PBXBuildFile; fileRef = 705DF7252B6C9FB9006D9726 /* VideoPlayer.swift */; };
		705DF7322B6C9FC6006D9726 /* ContentView.swift in Sources */ = {isa = PBXBuildFile; fileRef = 705DF7312B6C9FC6006D9726 /* ContentView.swift */; };
		705DF7342B6CA01F006D9726 /* Localizable.xcstrings in Resources */ = {isa = PBXBuildFile; fileRef = 705DF7332B6CA01F006D9726 /* Localizable.xcstrings */; };
		705DF7362B6CC66E006D9726 /* Lyric.swift in Sources */ = {isa = PBXBuildFile; fileRef = 705DF7352B6CC66E006D9726 /* Lyric.swift */; };
		705DF73E2B6D0A97006D9726 /* Color+.swift in Sources */ = {isa = PBXBuildFile; fileRef = 705DF73D2B6D0A97006D9726 /* Color+.swift */; };
		705DF7402B6D0E9D006D9726 /* MusicListItemView.swift in Sources */ = {isa = PBXBuildFile; fileRef = 705DF73F2B6D0E9D006D9726 /* MusicListItemView.swift */; };
		705DF7422B6D240B006D9726 /* TimeSyncedLyricsView.swift in Sources */ = {isa = PBXBuildFile; fileRef = 705DF7412B6D240B006D9726 /* TimeSyncedLyricsView.swift */; };
		705DF7462B6E01FA006D9726 /* CGFloat+.swift in Sources */ = {isa = PBXBuildFile; fileRef = 705DF7452B6E01FA006D9726 /* CGFloat+.swift */; };
		705DF7482B6E0435006D9726 /* SettingsView.swift in Sources */ = {isa = PBXBuildFile; fileRef = 705DF7472B6E0435006D9726 /* SettingsView.swift */; };
		705DF74A2B6E065A006D9726 /* GeneralView.swift in Sources */ = {isa = PBXBuildFile; fileRef = 705DF7492B6E065A006D9726 /* GeneralView.swift */; };
		705DF74F2B6E0AEF006D9726 /* UserDefaults+.swift in Sources */ = {isa = PBXBuildFile; fileRef = 705DF74E2B6E0AEF006D9726 /* UserDefaults+.swift */; };
		70707C202B7F43A900BE1932 /* Array+.swift in Sources */ = {isa = PBXBuildFile; fileRef = 70707C1F2B7F43A900BE1932 /* Array+.swift */; };
		70707C262B80589F00BE1932 /* AutoWidthTabView.swift in Sources */ = {isa = PBXBuildFile; fileRef = 70707C252B80589F00BE1932 /* AutoWidthTabView.swift */; };
		70707C2B2B80613000BE1932 /* LocalStorageView.swift in Sources */ = {isa = PBXBuildFile; fileRef = 70707C2A2B80613000BE1932 /* LocalStorageView.swift */; };
		70707C2D2B80623800BE1932 /* RemoteStorageView.swift in Sources */ = {isa = PBXBuildFile; fileRef = 70707C2C2B80623800BE1932 /* RemoteStorageView.swift */; };
		707261D22B6FD71500F82D58 /* Album.swift in Sources */ = {isa = PBXBuildFile; fileRef = 707261D12B6FD71500F82D58 /* Album.swift */; };
		707261D42B6FF6E300F82D58 /* VolumeBar.swift in Sources */ = {isa = PBXBuildFile; fileRef = 707261D32B6FF6E300F82D58 /* VolumeBar.swift */; };
		707261D82B709E3A00F82D58 /* LyricsEditView.swift in Sources */ = {isa = PBXBuildFile; fileRef = 707261D72B709E3A00F82D58 /* LyricsEditView.swift */; };
		707578212B820FA70019A254 /* AVPlayer+.swift in Sources */ = {isa = PBXBuildFile; fileRef = 707578202B820FA70019A254 /* AVPlayer+.swift */; };
		707578262B821A100019A254 /* DefaultImageView.swift in Sources */ = {isa = PBXBuildFile; fileRef = 707578252B821A100019A254 /* DefaultImageView.swift */; };
		707578282B8221CA0019A254 /* DefaultAvatarView.swift in Sources */ = {isa = PBXBuildFile; fileRef = 707578272B8221CA0019A254 /* DefaultAvatarView.swift */; };
		7075782A2B8223F20019A254 /* ErrorImageView.swift in Sources */ = {isa = PBXBuildFile; fileRef = 707578292B8223F20019A254 /* ErrorImageView.swift */; };
		7075782F2B824F700019A254 /* DisplayResolution.swift in Sources */ = {isa = PBXBuildFile; fileRef = 7075782E2B824F700019A254 /* DisplayResolution.swift */; };
		707578312B8250790019A254 /* CGSize+.swift in Sources */ = {isa = PBXBuildFile; fileRef = 707578302B8250790019A254 /* CGSize+.swift */; };
		707578412B8330C30019A254 /* ArthubSlider.swift in Sources */ = {isa = PBXBuildFile; fileRef = 707578402B8330C30019A254 /* ArthubSlider.swift */; };
		707578452B838B560019A254 /* ImageCollection+.swift in Sources */ = {isa = PBXBuildFile; fileRef = 707578442B838B560019A254 /* ImageCollection+.swift */; };
		707578472B838CA70019A254 /* ShowCredits+.swift in Sources */ = {isa = PBXBuildFile; fileRef = 707578462B838CA70019A254 /* ShowCredits+.swift */; };
		707E9AF42B7E172600CA50D7 /* Notification.Name+.swift in Sources */ = {isa = PBXBuildFile; fileRef = 707E9AF32B7E172600CA50D7 /* Notification.Name+.swift */; };
		707E9AF72B7E181300CA50D7 /* ProgressWindow.swift in Sources */ = {isa = PBXBuildFile; fileRef = 707E9AF62B7E181300CA50D7 /* ProgressWindow.swift */; };
		707E9AF92B7E327900CA50D7 /* URL+.swift in Sources */ = {isa = PBXBuildFile; fileRef = 707E9AF82B7E327900CA50D7 /* URL+.swift */; };
		708F37212B7CD449007CF004 /* DispatchQueue.swift in Sources */ = {isa = PBXBuildFile; fileRef = 708F37202B7CD449007CF004 /* DispatchQueue.swift */; };
		709B8B6E2B70C49A0048AE40 /* StorageView.swift in Sources */ = {isa = PBXBuildFile; fileRef = 709B8B6D2B70C49A0048AE40 /* StorageView.swift */; };
		709B8B702B711D4A0048AE40 /* Image+.swift in Sources */ = {isa = PBXBuildFile; fileRef = 709B8B6F2B711D4A0048AE40 /* Image+.swift */; };
		709F08E32B84821E00935B72 /* PersonService+.swift in Sources */ = {isa = PBXBuildFile; fileRef = 709F08E22B84821E00935B72 /* PersonService+.swift */; };
		709F08E62B84917000935B72 /* Person+.swift in Sources */ = {isa = PBXBuildFile; fileRef = 709F08E52B84917000935B72 /* Person+.swift */; };
		709F08F52B84BFDC00935B72 /* TMDb in Frameworks */ = {isa = PBXBuildFile; productRef = 709F08F42B84BFDC00935B72 /* TMDb */; };
		709F08F82B84BFE600935B72 /* KeychainAccess in Frameworks */ = {isa = PBXBuildFile; productRef = 709F08F72B84BFE600935B72 /* KeychainAccess */; };
		709F08FA2B85A7C800935B72 /* Artist.swift in Sources */ = {isa = PBXBuildFile; fileRef = 709F08F92B85A7C800935B72 /* Artist.swift */; };
		709F08FD2B85CE3100935B72 /* Logging in Frameworks */ = {isa = PBXBuildFile; productRef = 709F08FC2B85CE3100935B72 /* Logging */; };
		709F08FF2B85CE6C00935B72 /* Logger.swift in Sources */ = {isa = PBXBuildFile; fileRef = 709F08FE2B85CE6C00935B72 /* Logger.swift */; };
		70C2ED492B884C2500989895 /* DynamicLyricView.swift in Sources */ = {isa = PBXBuildFile; fileRef = 70C2ED482B884C2500989895 /* DynamicLyricView.swift */; };
		70CC229C2B7AFA5500B7EBE5 /* ttml-line.ttml in Resources */ = {isa = PBXBuildFile; fileRef = 70CC229B2B7AFA5500B7EBE5 /* ttml-line.ttml */; };
		70CC229E2B7AFAD200B7EBE5 /* TTMLParser.swift in Sources */ = {isa = PBXBuildFile; fileRef = 70CC229D2B7AFAD200B7EBE5 /* TTMLParser.swift */; };
		70CC22A02B7B384400B7EBE5 /* UTType+.swift in Sources */ = {isa = PBXBuildFile; fileRef = 70CC229F2B7B384400B7EBE5 /* UTType+.swift */; };
		70DF83182B85EFF300352A16 /* FileManager+.swift in Sources */ = {isa = PBXBuildFile; fileRef = 70DF83172B85EFF300352A16 /* FileManager+.swift */; };
		70DF831A2B861AD200352A16 /* ErrorWindow.swift in Sources */ = {isa = PBXBuildFile; fileRef = 70DF83192B861AD200352A16 /* ErrorWindow.swift */; };
		70DF83242B86262E00352A16 /* DequeModule in Frameworks */ = {isa = PBXBuildFile; productRef = 70DF83232B86262E00352A16 /* DequeModule */; };
		70DF83272B864B6400352A16 /* AudioNowPlayableBehavior.swift in Sources */ = {isa = PBXBuildFile; fileRef = 70DF83262B864B6400352A16 /* AudioNowPlayableBehavior.swift */; };
		70DF83292B864BA400352A16 /* NowPlayableMetadata.swift in Sources */ = {isa = PBXBuildFile; fileRef = 70DF83282B864BA300352A16 /* NowPlayableMetadata.swift */; };
		70DF832B2B864C4500352A16 /* NowPlayableCommand.swift in Sources */ = {isa = PBXBuildFile; fileRef = 70DF832A2B864C4500352A16 /* NowPlayableCommand.swift */; };
		70DF832D2B864C9400352A16 /* NowPlayable.swift in Sources */ = {isa = PBXBuildFile; fileRef = 70DF832C2B864C9400352A16 /* NowPlayable.swift */; };
		70DF832F2B864CAE00352A16 /* NowPlayableError.swift in Sources */ = {isa = PBXBuildFile; fileRef = 70DF832E2B864CAE00352A16 /* NowPlayableError.swift */; };
		70DF83382B86558A00352A16 /* ConfigAsset.swift in Sources */ = {isa = PBXBuildFile; fileRef = 70DF83332B86558A00352A16 /* ConfigAsset.swift */; };
		70DF83392B86558A00352A16 /* ConfigCommand.swift in Sources */ = {isa = PBXBuildFile; fileRef = 70DF83342B86558A00352A16 /* ConfigCommand.swift */; };
		70DF833A2B86558A00352A16 /* ConfigCommandCollection.swift in Sources */ = {isa = PBXBuildFile; fileRef = 70DF83352B86558A00352A16 /* ConfigCommandCollection.swift */; };
		70DF833B2B86558A00352A16 /* ConfigPath.swift in Sources */ = {isa = PBXBuildFile; fileRef = 70DF83362B86558A00352A16 /* ConfigPath.swift */; };
		70DF833C2B86558A00352A16 /* ConfigModel.swift in Sources */ = {isa = PBXBuildFile; fileRef = 70DF83372B86558A00352A16 /* ConfigModel.swift */; };
		70DF833E2B87244700352A16 /* ArthubAudioPlayer.swift in Sources */ = {isa = PBXBuildFile; fileRef = 70DF833D2B87244700352A16 /* ArthubAudioPlayer.swift */; };
		70DF83402B8738D300352A16 /* VideoNowPlayableBehavior.swift in Sources */ = {isa = PBXBuildFile; fileRef = 70DF833F2B8738D300352A16 /* VideoNowPlayableBehavior.swift */; };
		70DF83422B8761C600352A16 /* ttml-word.ttml in Resources */ = {isa = PBXBuildFile; fileRef = 70DF83412B8761C600352A16 /* ttml-word.ttml */; };
		70E2AE602B80B2760085E8EE /* TMDbConfiguration+.swift in Sources */ = {isa = PBXBuildFile; fileRef = 70E2AE5F2B80B2760085E8EE /* TMDbConfiguration+.swift */; };
		70E2AE692B80C9E70085E8EE /* SearchService+.swift in Sources */ = {isa = PBXBuildFile; fileRef = 70E2AE682B80C9E70085E8EE /* SearchService+.swift */; };
		70E2AE6B2B80CC190085E8EE /* MovieService+.swift in Sources */ = {isa = PBXBuildFile; fileRef = 70E2AE6A2B80CC190085E8EE /* MovieService+.swift */; };
		70E2AE6F2B80CF000085E8EE /* MovieMetrics.swift in Sources */ = {isa = PBXBuildFile; fileRef = 70E2AE6E2B80CF000085E8EE /* MovieMetrics.swift */; };
		70E2AE732B80D64B0085E8EE /* Movie.swift in Sources */ = {isa = PBXBuildFile; fileRef = 70E2AE722B80D64B0085E8EE /* Movie.swift */; };
		70E2AE762B80D98C0085E8EE /* MovieDetail.swift in Sources */ = {isa = PBXBuildFile; fileRef = 70E2AE752B80D98C0085E8EE /* MovieDetail.swift */; };
		70E2AE782B8109EE0085E8EE /* ConfigurationService+.swift in Sources */ = {isa = PBXBuildFile; fileRef = 70E2AE772B8109EE0085E8EE /* ConfigurationService+.swift */; };
		70E2AE7D2B81D2370085E8EE /* ImageMetadata+.swift in Sources */ = {isa = PBXBuildFile; fileRef = 70E2AE7C2B81D2370085E8EE /* ImageMetadata+.swift */; };
		70E2AE7F2B81D27F0085E8EE /* CastMember+.swift in Sources */ = {isa = PBXBuildFile; fileRef = 70E2AE7E2B81D27F0085E8EE /* CastMember+.swift */; };
		70E2AE812B81D2D40085E8EE /* CrewMember+.swift in Sources */ = {isa = PBXBuildFile; fileRef = 70E2AE802B81D2D40085E8EE /* CrewMember+.swift */; };
		70E2AE832B81E4AB0085E8EE /* HorizontalScrollView.swift in Sources */ = {isa = PBXBuildFile; fileRef = 70E2AE822B81E4AB0085E8EE /* HorizontalScrollView.swift */; };
		70E55BDB2B7CBC7000B95B68 /* String+.swift in Sources */ = {isa = PBXBuildFile; fileRef = 70E55BDA2B7CBC7000B95B68 /* String+.swift */; };
		70F3A9D72B6F37030091EB65 /* ArthubVideoPlayer.swift in Sources */ = {isa = PBXBuildFile; fileRef = 70F3A9D62B6F37030091EB65 /* ArthubVideoPlayer.swift */; };
/* End PBXBuildFile section */

/* Begin PBXContainerItemProxy section */
		705DF6F22B6C9F77006D9726 /* PBXContainerItemProxy */ = {
			isa = PBXContainerItemProxy;
			containerPortal = 705DF6D62B6C9F76006D9726 /* Project object */;
			proxyType = 1;
			remoteGlobalIDString = 705DF6DD2B6C9F76006D9726;
			remoteInfo = Arthub;
		};
		705DF6FC2B6C9F77006D9726 /* PBXContainerItemProxy */ = {
			isa = PBXContainerItemProxy;
			containerPortal = 705DF6D62B6C9F76006D9726 /* Project object */;
			proxyType = 1;
			remoteGlobalIDString = 705DF6DD2B6C9F76006D9726;
			remoteInfo = Arthub;
		};
/* End PBXContainerItemProxy section */

/* Begin PBXFileReference section */
		701123262B839E9B002BB21E /* RegexPattern.swift */ = {isa = PBXFileReference; lastKnownFileType = sourcecode.swift; path = RegexPattern.swift; sourceTree = "<group>"; };
		701123292B83A2B8002BB21E /* KeychainStorage.swift */ = {isa = PBXFileReference; lastKnownFileType = sourcecode.swift; path = KeychainStorage.swift; sourceTree = "<group>"; };
		7011232E2B83A4B8002BB21E /* KeychainStorage+.swift */ = {isa = PBXFileReference; lastKnownFileType = sourcecode.swift; path = "KeychainStorage+.swift"; sourceTree = "<group>"; };
		701123352B847C77002BB21E /* PersonView.swift */ = {isa = PBXFileReference; lastKnownFileType = sourcecode.swift; path = PersonView.swift; sourceTree = "<group>"; };
		701123372B847E24002BB21E /* PersonDetail.swift */ = {isa = PBXFileReference; lastKnownFileType = sourcecode.swift; path = PersonDetail.swift; sourceTree = "<group>"; };
		701875CC2B751FBA00A560FC /* WindowState.swift */ = {isa = PBXFileReference; lastKnownFileType = sourcecode.swift; path = WindowState.swift; sourceTree = "<group>"; };
		705AF5592B74C23E00A3D3C7 /* AVAudioPlayerNode+.swift */ = {isa = PBXFileReference; lastKnownFileType = sourcecode.swift; path = "AVAudioPlayerNode+.swift"; sourceTree = "<group>"; };
		705BD9212B71F830004CED50 /* Comparable+.swift */ = {isa = PBXFileReference; lastKnownFileType = sourcecode.swift; path = "Comparable+.swift"; sourceTree = "<group>"; };
		705DF6DE2B6C9F76006D9726 /* Arthub.app */ = {isa = PBXFileReference; explicitFileType = wrapper.application; includeInIndex = 0; path = Arthub.app; sourceTree = BUILT_PRODUCTS_DIR; };
		705DF6E12B6C9F76006D9726 /* ArthubApp.swift */ = {isa = PBXFileReference; lastKnownFileType = sourcecode.swift; path = ArthubApp.swift; sourceTree = "<group>"; };
		705DF6E72B6C9F77006D9726 /* Assets.xcassets */ = {isa = PBXFileReference; lastKnownFileType = folder.assetcatalog; path = Assets.xcassets; sourceTree = "<group>"; };
		705DF6EA2B6C9F77006D9726 /* Preview Assets.xcassets */ = {isa = PBXFileReference; lastKnownFileType = folder.assetcatalog; path = "Preview Assets.xcassets"; sourceTree = "<group>"; };
		705DF6EC2B6C9F77006D9726 /* Arthub.entitlements */ = {isa = PBXFileReference; lastKnownFileType = text.plist.entitlements; path = Arthub.entitlements; sourceTree = "<group>"; };
		705DF6F12B6C9F77006D9726 /* ArthubTests.xctest */ = {isa = PBXFileReference; explicitFileType = wrapper.cfbundle; includeInIndex = 0; path = ArthubTests.xctest; sourceTree = BUILT_PRODUCTS_DIR; };
		705DF6F52B6C9F77006D9726 /* ArthubTests.swift */ = {isa = PBXFileReference; lastKnownFileType = sourcecode.swift; path = ArthubTests.swift; sourceTree = "<group>"; };
		705DF6FB2B6C9F77006D9726 /* ArthubUITests.xctest */ = {isa = PBXFileReference; explicitFileType = wrapper.cfbundle; includeInIndex = 0; path = ArthubUITests.xctest; sourceTree = BUILT_PRODUCTS_DIR; };
		705DF6FF2B6C9F77006D9726 /* ArthubUITests.swift */ = {isa = PBXFileReference; lastKnownFileType = sourcecode.swift; path = ArthubUITests.swift; sourceTree = "<group>"; };
		705DF7012B6C9F77006D9726 /* ArthubUITestsLaunchTests.swift */ = {isa = PBXFileReference; lastKnownFileType = sourcecode.swift; path = ArthubUITestsLaunchTests.swift; sourceTree = "<group>"; };
		705DF7112B6C9FA9006D9726 /* View+.swift */ = {isa = PBXFileReference; fileEncoding = 4; lastKnownFileType = sourcecode.swift; path = "View+.swift"; sourceTree = "<group>"; };
		705DF7122B6C9FA9006D9726 /* DateComponentsFormatter+.swift */ = {isa = PBXFileReference; fileEncoding = 4; lastKnownFileType = sourcecode.swift; path = "DateComponentsFormatter+.swift"; sourceTree = "<group>"; };
		705DF7132B6C9FA9006D9726 /* TimeInterval+.swift */ = {isa = PBXFileReference; fileEncoding = 4; lastKnownFileType = sourcecode.swift; path = "TimeInterval+.swift"; sourceTree = "<group>"; };
		705DF7182B6C9FB9006D9726 /* Music.swift */ = {isa = PBXFileReference; fileEncoding = 4; lastKnownFileType = sourcecode.swift; path = Music.swift; sourceTree = "<group>"; };
		705DF71C2B6C9FB9006D9726 /* MusicInspectorView.swift */ = {isa = PBXFileReference; fileEncoding = 4; lastKnownFileType = sourcecode.swift; path = MusicInspectorView.swift; sourceTree = "<group>"; };
		705DF71D2B6C9FB9006D9726 /* MusicCardView.swift */ = {isa = PBXFileReference; fileEncoding = 4; lastKnownFileType = sourcecode.swift; path = MusicCardView.swift; sourceTree = "<group>"; };
		705DF71E2B6C9FB9006D9726 /* MusicView.swift */ = {isa = PBXFileReference; fileEncoding = 4; lastKnownFileType = sourcecode.swift; path = MusicView.swift; sourceTree = "<group>"; };
		705DF71F2B6C9FB9006D9726 /* MusicPlayerView.swift */ = {isa = PBXFileReference; fileEncoding = 4; lastKnownFileType = sourcecode.swift; path = MusicPlayerView.swift; sourceTree = "<group>"; };
		705DF7212B6C9FB9006D9726 /* MovieCardView.swift */ = {isa = PBXFileReference; fileEncoding = 4; lastKnownFileType = sourcecode.swift; path = MovieCardView.swift; sourceTree = "<group>"; };
		705DF7222B6C9FB9006D9726 /* MovieView.swift */ = {isa = PBXFileReference; fileEncoding = 4; lastKnownFileType = sourcecode.swift; path = MovieView.swift; sourceTree = "<group>"; };
		705DF7232B6C9FB9006D9726 /* MoviePlayerView.swift */ = {isa = PBXFileReference; fileEncoding = 4; lastKnownFileType = sourcecode.swift; path = MoviePlayerView.swift; sourceTree = "<group>"; };
		705DF7242B6C9FB9006D9726 /* MovieDetailView.swift */ = {isa = PBXFileReference; fileEncoding = 4; indentWidth = 4; lastKnownFileType = sourcecode.swift; path = MovieDetailView.swift; sourceTree = "<group>"; tabWidth = 4; };
		705DF7252B6C9FB9006D9726 /* VideoPlayer.swift */ = {isa = PBXFileReference; fileEncoding = 4; lastKnownFileType = sourcecode.swift; path = VideoPlayer.swift; sourceTree = "<group>"; };
		705DF7312B6C9FC6006D9726 /* ContentView.swift */ = {isa = PBXFileReference; fileEncoding = 4; lastKnownFileType = sourcecode.swift; path = ContentView.swift; sourceTree = "<group>"; };
		705DF7332B6CA01F006D9726 /* Localizable.xcstrings */ = {isa = PBXFileReference; lastKnownFileType = text.json.xcstrings; path = Localizable.xcstrings; sourceTree = "<group>"; };
		705DF7352B6CC66E006D9726 /* Lyric.swift */ = {isa = PBXFileReference; lastKnownFileType = sourcecode.swift; path = Lyric.swift; sourceTree = "<group>"; };
		705DF73D2B6D0A97006D9726 /* Color+.swift */ = {isa = PBXFileReference; lastKnownFileType = sourcecode.swift; path = "Color+.swift"; sourceTree = "<group>"; };
		705DF73F2B6D0E9D006D9726 /* MusicListItemView.swift */ = {isa = PBXFileReference; lastKnownFileType = sourcecode.swift; path = MusicListItemView.swift; sourceTree = "<group>"; };
		705DF7412B6D240B006D9726 /* TimeSyncedLyricsView.swift */ = {isa = PBXFileReference; lastKnownFileType = sourcecode.swift; path = TimeSyncedLyricsView.swift; sourceTree = "<group>"; };
		705DF7452B6E01FA006D9726 /* CGFloat+.swift */ = {isa = PBXFileReference; lastKnownFileType = sourcecode.swift; path = "CGFloat+.swift"; sourceTree = "<group>"; };
		705DF7472B6E0435006D9726 /* SettingsView.swift */ = {isa = PBXFileReference; lastKnownFileType = sourcecode.swift; path = SettingsView.swift; sourceTree = "<group>"; };
		705DF7492B6E065A006D9726 /* GeneralView.swift */ = {isa = PBXFileReference; lastKnownFileType = sourcecode.swift; path = GeneralView.swift; sourceTree = "<group>"; };
		705DF74E2B6E0AEF006D9726 /* UserDefaults+.swift */ = {isa = PBXFileReference; lastKnownFileType = sourcecode.swift; path = "UserDefaults+.swift"; sourceTree = "<group>"; };
		70707C1F2B7F43A900BE1932 /* Array+.swift */ = {isa = PBXFileReference; lastKnownFileType = sourcecode.swift; path = "Array+.swift"; sourceTree = "<group>"; };
		70707C252B80589F00BE1932 /* AutoWidthTabView.swift */ = {isa = PBXFileReference; lastKnownFileType = sourcecode.swift; path = AutoWidthTabView.swift; sourceTree = "<group>"; };
		70707C2A2B80613000BE1932 /* LocalStorageView.swift */ = {isa = PBXFileReference; lastKnownFileType = sourcecode.swift; path = LocalStorageView.swift; sourceTree = "<group>"; };
		70707C2C2B80623800BE1932 /* RemoteStorageView.swift */ = {isa = PBXFileReference; lastKnownFileType = sourcecode.swift; path = RemoteStorageView.swift; sourceTree = "<group>"; };
		707261D12B6FD71500F82D58 /* Album.swift */ = {isa = PBXFileReference; lastKnownFileType = sourcecode.swift; path = Album.swift; sourceTree = "<group>"; };
		707261D32B6FF6E300F82D58 /* VolumeBar.swift */ = {isa = PBXFileReference; lastKnownFileType = sourcecode.swift; path = VolumeBar.swift; sourceTree = "<group>"; };
		707261D72B709E3A00F82D58 /* LyricsEditView.swift */ = {isa = PBXFileReference; lastKnownFileType = sourcecode.swift; path = LyricsEditView.swift; sourceTree = "<group>"; };
		707578202B820FA70019A254 /* AVPlayer+.swift */ = {isa = PBXFileReference; lastKnownFileType = sourcecode.swift; path = "AVPlayer+.swift"; sourceTree = "<group>"; };
		707578252B821A100019A254 /* DefaultImageView.swift */ = {isa = PBXFileReference; lastKnownFileType = sourcecode.swift; path = DefaultImageView.swift; sourceTree = "<group>"; };
		707578272B8221CA0019A254 /* DefaultAvatarView.swift */ = {isa = PBXFileReference; lastKnownFileType = sourcecode.swift; path = DefaultAvatarView.swift; sourceTree = "<group>"; };
		707578292B8223F20019A254 /* ErrorImageView.swift */ = {isa = PBXFileReference; lastKnownFileType = sourcecode.swift; path = ErrorImageView.swift; sourceTree = "<group>"; };
		7075782E2B824F700019A254 /* DisplayResolution.swift */ = {isa = PBXFileReference; lastKnownFileType = sourcecode.swift; path = DisplayResolution.swift; sourceTree = "<group>"; };
		707578302B8250790019A254 /* CGSize+.swift */ = {isa = PBXFileReference; lastKnownFileType = sourcecode.swift; path = "CGSize+.swift"; sourceTree = "<group>"; };
		707578402B8330C30019A254 /* ArthubSlider.swift */ = {isa = PBXFileReference; lastKnownFileType = sourcecode.swift; path = ArthubSlider.swift; sourceTree = "<group>"; };
		707578442B838B560019A254 /* ImageCollection+.swift */ = {isa = PBXFileReference; lastKnownFileType = sourcecode.swift; path = "ImageCollection+.swift"; sourceTree = "<group>"; };
		707578462B838CA70019A254 /* ShowCredits+.swift */ = {isa = PBXFileReference; lastKnownFileType = sourcecode.swift; path = "ShowCredits+.swift"; sourceTree = "<group>"; };
		707E9AF32B7E172600CA50D7 /* Notification.Name+.swift */ = {isa = PBXFileReference; lastKnownFileType = sourcecode.swift; path = "Notification.Name+.swift"; sourceTree = "<group>"; };
		707E9AF62B7E181300CA50D7 /* ProgressWindow.swift */ = {isa = PBXFileReference; lastKnownFileType = sourcecode.swift; path = ProgressWindow.swift; sourceTree = "<group>"; };
		707E9AF82B7E327900CA50D7 /* URL+.swift */ = {isa = PBXFileReference; lastKnownFileType = sourcecode.swift; path = "URL+.swift"; sourceTree = "<group>"; };
		708F37202B7CD449007CF004 /* DispatchQueue.swift */ = {isa = PBXFileReference; lastKnownFileType = sourcecode.swift; path = DispatchQueue.swift; sourceTree = "<group>"; };
		709B8B6D2B70C49A0048AE40 /* StorageView.swift */ = {isa = PBXFileReference; lastKnownFileType = sourcecode.swift; path = StorageView.swift; sourceTree = "<group>"; };
		709B8B6F2B711D4A0048AE40 /* Image+.swift */ = {isa = PBXFileReference; lastKnownFileType = sourcecode.swift; path = "Image+.swift"; sourceTree = "<group>"; };
		709F08E22B84821E00935B72 /* PersonService+.swift */ = {isa = PBXFileReference; lastKnownFileType = sourcecode.swift; path = "PersonService+.swift"; sourceTree = "<group>"; };
		709F08E52B84917000935B72 /* Person+.swift */ = {isa = PBXFileReference; lastKnownFileType = sourcecode.swift; path = "Person+.swift"; sourceTree = "<group>"; };
		709F08F92B85A7C800935B72 /* Artist.swift */ = {isa = PBXFileReference; lastKnownFileType = sourcecode.swift; path = Artist.swift; sourceTree = "<group>"; };
		709F08FE2B85CE6C00935B72 /* Logger.swift */ = {isa = PBXFileReference; lastKnownFileType = sourcecode.swift; path = Logger.swift; sourceTree = "<group>"; };
		70C2ED482B884C2500989895 /* DynamicLyricView.swift */ = {isa = PBXFileReference; lastKnownFileType = sourcecode.swift; path = DynamicLyricView.swift; sourceTree = "<group>"; };
		70CC229B2B7AFA5500B7EBE5 /* ttml-line.ttml */ = {isa = PBXFileReference; lastKnownFileType = text.xml; path = "ttml-line.ttml"; sourceTree = "<group>"; };
		70CC229D2B7AFAD200B7EBE5 /* TTMLParser.swift */ = {isa = PBXFileReference; lastKnownFileType = sourcecode.swift; path = TTMLParser.swift; sourceTree = "<group>"; };
		70CC229F2B7B384400B7EBE5 /* UTType+.swift */ = {isa = PBXFileReference; lastKnownFileType = sourcecode.swift; path = "UTType+.swift"; sourceTree = "<group>"; };
		70DF83172B85EFF300352A16 /* FileManager+.swift */ = {isa = PBXFileReference; lastKnownFileType = sourcecode.swift; path = "FileManager+.swift"; sourceTree = "<group>"; };
		70DF83192B861AD200352A16 /* ErrorWindow.swift */ = {isa = PBXFileReference; lastKnownFileType = sourcecode.swift; path = ErrorWindow.swift; sourceTree = "<group>"; };
		70DF83262B864B6400352A16 /* AudioNowPlayableBehavior.swift */ = {isa = PBXFileReference; fileEncoding = 4; lastKnownFileType = sourcecode.swift; path = AudioNowPlayableBehavior.swift; sourceTree = "<group>"; };
		70DF83282B864BA300352A16 /* NowPlayableMetadata.swift */ = {isa = PBXFileReference; fileEncoding = 4; lastKnownFileType = sourcecode.swift; path = NowPlayableMetadata.swift; sourceTree = "<group>"; };
		70DF832A2B864C4500352A16 /* NowPlayableCommand.swift */ = {isa = PBXFileReference; fileEncoding = 4; lastKnownFileType = sourcecode.swift; path = NowPlayableCommand.swift; sourceTree = "<group>"; };
		70DF832C2B864C9400352A16 /* NowPlayable.swift */ = {isa = PBXFileReference; fileEncoding = 4; lastKnownFileType = sourcecode.swift; path = NowPlayable.swift; sourceTree = "<group>"; };
		70DF832E2B864CAE00352A16 /* NowPlayableError.swift */ = {isa = PBXFileReference; fileEncoding = 4; lastKnownFileType = sourcecode.swift; path = NowPlayableError.swift; sourceTree = "<group>"; };
		70DF83332B86558A00352A16 /* ConfigAsset.swift */ = {isa = PBXFileReference; fileEncoding = 4; lastKnownFileType = sourcecode.swift; path = ConfigAsset.swift; sourceTree = "<group>"; };
		70DF83342B86558A00352A16 /* ConfigCommand.swift */ = {isa = PBXFileReference; fileEncoding = 4; lastKnownFileType = sourcecode.swift; path = ConfigCommand.swift; sourceTree = "<group>"; };
		70DF83352B86558A00352A16 /* ConfigCommandCollection.swift */ = {isa = PBXFileReference; fileEncoding = 4; lastKnownFileType = sourcecode.swift; path = ConfigCommandCollection.swift; sourceTree = "<group>"; };
		70DF83362B86558A00352A16 /* ConfigPath.swift */ = {isa = PBXFileReference; fileEncoding = 4; lastKnownFileType = sourcecode.swift; path = ConfigPath.swift; sourceTree = "<group>"; };
		70DF83372B86558A00352A16 /* ConfigModel.swift */ = {isa = PBXFileReference; fileEncoding = 4; lastKnownFileType = sourcecode.swift; path = ConfigModel.swift; sourceTree = "<group>"; };
		70DF833D2B87244700352A16 /* ArthubAudioPlayer.swift */ = {isa = PBXFileReference; fileEncoding = 4; lastKnownFileType = sourcecode.swift; path = ArthubAudioPlayer.swift; sourceTree = "<group>"; };
		70DF833F2B8738D300352A16 /* VideoNowPlayableBehavior.swift */ = {isa = PBXFileReference; lastKnownFileType = sourcecode.swift; path = VideoNowPlayableBehavior.swift; sourceTree = "<group>"; };
		70DF83412B8761C600352A16 /* ttml-word.ttml */ = {isa = PBXFileReference; fileEncoding = 4; lastKnownFileType = text.xml; path = "ttml-word.ttml"; sourceTree = "<group>"; };
		70E2AE5F2B80B2760085E8EE /* TMDbConfiguration+.swift */ = {isa = PBXFileReference; lastKnownFileType = sourcecode.swift; path = "TMDbConfiguration+.swift"; sourceTree = "<group>"; };
		70E2AE682B80C9E70085E8EE /* SearchService+.swift */ = {isa = PBXFileReference; lastKnownFileType = sourcecode.swift; path = "SearchService+.swift"; sourceTree = "<group>"; };
		70E2AE6A2B80CC190085E8EE /* MovieService+.swift */ = {isa = PBXFileReference; lastKnownFileType = sourcecode.swift; path = "MovieService+.swift"; sourceTree = "<group>"; };
		70E2AE6E2B80CF000085E8EE /* MovieMetrics.swift */ = {isa = PBXFileReference; lastKnownFileType = sourcecode.swift; path = MovieMetrics.swift; sourceTree = "<group>"; };
		70E2AE722B80D64B0085E8EE /* Movie.swift */ = {isa = PBXFileReference; lastKnownFileType = sourcecode.swift; path = Movie.swift; sourceTree = "<group>"; };
		70E2AE752B80D98C0085E8EE /* MovieDetail.swift */ = {isa = PBXFileReference; lastKnownFileType = sourcecode.swift; path = MovieDetail.swift; sourceTree = "<group>"; };
		70E2AE772B8109EE0085E8EE /* ConfigurationService+.swift */ = {isa = PBXFileReference; lastKnownFileType = sourcecode.swift; path = "ConfigurationService+.swift"; sourceTree = "<group>"; };
		70E2AE7C2B81D2370085E8EE /* ImageMetadata+.swift */ = {isa = PBXFileReference; lastKnownFileType = sourcecode.swift; path = "ImageMetadata+.swift"; sourceTree = "<group>"; };
		70E2AE7E2B81D27F0085E8EE /* CastMember+.swift */ = {isa = PBXFileReference; lastKnownFileType = sourcecode.swift; path = "CastMember+.swift"; sourceTree = "<group>"; };
		70E2AE802B81D2D40085E8EE /* CrewMember+.swift */ = {isa = PBXFileReference; lastKnownFileType = sourcecode.swift; path = "CrewMember+.swift"; sourceTree = "<group>"; };
		70E2AE822B81E4AB0085E8EE /* HorizontalScrollView.swift */ = {isa = PBXFileReference; lastKnownFileType = sourcecode.swift; path = HorizontalScrollView.swift; sourceTree = "<group>"; };
		70E55BDA2B7CBC7000B95B68 /* String+.swift */ = {isa = PBXFileReference; lastKnownFileType = sourcecode.swift; path = "String+.swift"; sourceTree = "<group>"; };
		70F3A9D52B6E91B60091EB65 /* README.md */ = {isa = PBXFileReference; lastKnownFileType = net.daringfireball.markdown; path = README.md; sourceTree = "<group>"; };
		70F3A9D62B6F37030091EB65 /* ArthubVideoPlayer.swift */ = {isa = PBXFileReference; lastKnownFileType = sourcecode.swift; path = ArthubVideoPlayer.swift; sourceTree = "<group>"; };
/* End PBXFileReference section */

/* Begin PBXFrameworksBuildPhase section */
		705DF6DB2B6C9F76006D9726 /* Frameworks */ = {
			isa = PBXFrameworksBuildPhase;
			buildActionMask = 2147483647;
			files = (
				709F08FD2B85CE3100935B72 /* Logging in Frameworks */,
				70DF83242B86262E00352A16 /* DequeModule in Frameworks */,
				709F08F82B84BFE600935B72 /* KeychainAccess in Frameworks */,
				709F08F52B84BFDC00935B72 /* TMDb in Frameworks */,
			);
			runOnlyForDeploymentPostprocessing = 0;
		};
		705DF6EE2B6C9F77006D9726 /* Frameworks */ = {
			isa = PBXFrameworksBuildPhase;
			buildActionMask = 2147483647;
			files = (
			);
			runOnlyForDeploymentPostprocessing = 0;
		};
		705DF6F82B6C9F77006D9726 /* Frameworks */ = {
			isa = PBXFrameworksBuildPhase;
			buildActionMask = 2147483647;
			files = (
			);
			runOnlyForDeploymentPostprocessing = 0;
		};
/* End PBXFrameworksBuildPhase section */

/* Begin PBXGroup section */
		701123282B83A2A7002BB21E /* Wrapper */ = {
			isa = PBXGroup;
			children = (
				701123292B83A2B8002BB21E /* KeychainStorage.swift */,
			);
			path = Wrapper;
			sourceTree = "<group>";
		};
		705DF6D52B6C9F76006D9726 = {
			isa = PBXGroup;
			children = (
				70F3A9D52B6E91B60091EB65 /* README.md */,
				705DF6E02B6C9F76006D9726 /* Arthub */,
				705DF6F42B6C9F77006D9726 /* ArthubTests */,
				705DF6FE2B6C9F77006D9726 /* ArthubUITests */,
				705DF6DF2B6C9F76006D9726 /* Products */,
			);
			sourceTree = "<group>";
		};
		705DF6DF2B6C9F76006D9726 /* Products */ = {
			isa = PBXGroup;
			children = (
				705DF6DE2B6C9F76006D9726 /* Arthub.app */,
				705DF6F12B6C9F77006D9726 /* ArthubTests.xctest */,
				705DF6FB2B6C9F77006D9726 /* ArthubUITests.xctest */,
			);
			name = Products;
			sourceTree = "<group>";
		};
		705DF6E02B6C9F76006D9726 /* Arthub */ = {
			isa = PBXGroup;
			children = (
				70DF83252B864B0900352A16 /* NowPlayable */,
				70DF83162B85DD8300352A16 /* Player */,
				701123282B83A2A7002BB21E /* Wrapper */,
				7075782D2B824F650019A254 /* Enum */,
				70707C242B80587A00BE1932 /* Component */,
				70707C212B7FBF9700BE1932 /* Helper */,
				707E9AF52B7E17FF00CA50D7 /* Window */,
				70B3347C2B7C6D4100126B77 /* Resource */,
				707261CE2B6F879E00F82D58 /* Observable */,
				705DF7102B6C9FA9006D9726 /* Extension */,
				705DF7172B6C9FB9006D9726 /* Model */,
				705DF71A2B6C9FB9006D9726 /* View */,
				705DF6E12B6C9F76006D9726 /* ArthubApp.swift */,
				705DF6E72B6C9F77006D9726 /* Assets.xcassets */,
				705DF7312B6C9FC6006D9726 /* ContentView.swift */,
				705DF6EC2B6C9F77006D9726 /* Arthub.entitlements */,
				705DF6E92B6C9F77006D9726 /* Preview Content */,
				705DF7332B6CA01F006D9726 /* Localizable.xcstrings */,
			);
			path = Arthub;
			sourceTree = "<group>";
		};
		705DF6E92B6C9F77006D9726 /* Preview Content */ = {
			isa = PBXGroup;
			children = (
				705DF6EA2B6C9F77006D9726 /* Preview Assets.xcassets */,
			);
			path = "Preview Content";
			sourceTree = "<group>";
		};
		705DF6F42B6C9F77006D9726 /* ArthubTests */ = {
			isa = PBXGroup;
			children = (
				705DF6F52B6C9F77006D9726 /* ArthubTests.swift */,
			);
			path = ArthubTests;
			sourceTree = "<group>";
		};
		705DF6FE2B6C9F77006D9726 /* ArthubUITests */ = {
			isa = PBXGroup;
			children = (
				705DF6FF2B6C9F77006D9726 /* ArthubUITests.swift */,
				705DF7012B6C9F77006D9726 /* ArthubUITestsLaunchTests.swift */,
			);
			path = ArthubUITests;
			sourceTree = "<group>";
		};
		705DF7102B6C9FA9006D9726 /* Extension */ = {
			isa = PBXGroup;
			children = (
				709F09002B85D03900935B72 /* Logging */,
				707578222B820FE50019A254 /* AVFoundation */,
				70E2AE672B80C9D70085E8EE /* TMDb */,
				70E2AE642B80C0FD0085E8EE /* SwiftUI */,
				70E2AE632B80C0F50085E8EE /* Foundation */,
				705BD9212B71F830004CED50 /* Comparable+.swift */,
				70CC229F2B7B384400B7EBE5 /* UTType+.swift */,
				7011232E2B83A4B8002BB21E /* KeychainStorage+.swift */,
				70DF83172B85EFF300352A16 /* FileManager+.swift */,
			);
			path = Extension;
			sourceTree = "<group>";
		};
		705DF7172B6C9FB9006D9726 /* Model */ = {
			isa = PBXGroup;
			children = (
				70E2AE742B80D9750085E8EE /* Data */,
				705DF7182B6C9FB9006D9726 /* Music.swift */,
				705DF7352B6CC66E006D9726 /* Lyric.swift */,
				707261D12B6FD71500F82D58 /* Album.swift */,
				70E2AE752B80D98C0085E8EE /* MovieDetail.swift */,
				701123262B839E9B002BB21E /* RegexPattern.swift */,
				701123372B847E24002BB21E /* PersonDetail.swift */,
				709F08F92B85A7C800935B72 /* Artist.swift */,
			);
			path = Model;
			sourceTree = "<group>";
		};
		705DF71A2B6C9FB9006D9726 /* View */ = {
			isa = PBXGroup;
			children = (
				705DF74D2B6E06CE006D9726 /* Setting */,
				705DF71B2B6C9FB9006D9726 /* Music */,
				705DF7202B6C9FB9006D9726 /* Movie */,
			);
			path = View;
			sourceTree = "<group>";
		};
		705DF71B2B6C9FB9006D9726 /* Music */ = {
			isa = PBXGroup;
			children = (
				705DF71C2B6C9FB9006D9726 /* MusicInspectorView.swift */,
				705DF71D2B6C9FB9006D9726 /* MusicCardView.swift */,
				705DF71E2B6C9FB9006D9726 /* MusicView.swift */,
				705DF71F2B6C9FB9006D9726 /* MusicPlayerView.swift */,
				705DF73F2B6D0E9D006D9726 /* MusicListItemView.swift */,
				705DF7412B6D240B006D9726 /* TimeSyncedLyricsView.swift */,
				707261D72B709E3A00F82D58 /* LyricsEditView.swift */,
				70C2ED482B884C2500989895 /* DynamicLyricView.swift */,
			);
			path = Music;
			sourceTree = "<group>";
		};
		705DF7202B6C9FB9006D9726 /* Movie */ = {
			isa = PBXGroup;
			children = (
				705DF7212B6C9FB9006D9726 /* MovieCardView.swift */,
				705DF7222B6C9FB9006D9726 /* MovieView.swift */,
				705DF7232B6C9FB9006D9726 /* MoviePlayerView.swift */,
				705DF7242B6C9FB9006D9726 /* MovieDetailView.swift */,
				701123352B847C77002BB21E /* PersonView.swift */,
			);
			path = Movie;
			sourceTree = "<group>";
		};
		705DF74D2B6E06CE006D9726 /* Setting */ = {
			isa = PBXGroup;
			children = (
				70707C292B80612000BE1932 /* Storage */,
				705DF7472B6E0435006D9726 /* SettingsView.swift */,
				705DF7492B6E065A006D9726 /* GeneralView.swift */,
			);
			path = Setting;
			sourceTree = "<group>";
		};
		70707C212B7FBF9700BE1932 /* Helper */ = {
			isa = PBXGroup;
			children = (
				70CC229D2B7AFAD200B7EBE5 /* TTMLParser.swift */,
			);
			path = Helper;
			sourceTree = "<group>";
		};
		70707C242B80587A00BE1932 /* Component */ = {
			isa = PBXGroup;
			children = (
				705DF7252B6C9FB9006D9726 /* VideoPlayer.swift */,
				707261D32B6FF6E300F82D58 /* VolumeBar.swift */,
				70707C252B80589F00BE1932 /* AutoWidthTabView.swift */,
				70E2AE822B81E4AB0085E8EE /* HorizontalScrollView.swift */,
				707578252B821A100019A254 /* DefaultImageView.swift */,
				707578272B8221CA0019A254 /* DefaultAvatarView.swift */,
				707578292B8223F20019A254 /* ErrorImageView.swift */,
				707578402B8330C30019A254 /* ArthubSlider.swift */,
			);
			path = Component;
			sourceTree = "<group>";
		};
		70707C292B80612000BE1932 /* Storage */ = {
			isa = PBXGroup;
			children = (
				709B8B6D2B70C49A0048AE40 /* StorageView.swift */,
				70707C2A2B80613000BE1932 /* LocalStorageView.swift */,
				70707C2C2B80623800BE1932 /* RemoteStorageView.swift */,
			);
			path = Storage;
			sourceTree = "<group>";
		};
		707261CE2B6F879E00F82D58 /* Observable */ = {
			isa = PBXGroup;
			children = (
				701875CC2B751FBA00A560FC /* WindowState.swift */,
			);
			path = Observable;
			sourceTree = "<group>";
		};
		707578222B820FE50019A254 /* AVFoundation */ = {
			isa = PBXGroup;
			children = (
				705AF5592B74C23E00A3D3C7 /* AVAudioPlayerNode+.swift */,
				707578202B820FA70019A254 /* AVPlayer+.swift */,
			);
			path = AVFoundation;
			sourceTree = "<group>";
		};
		7075782D2B824F650019A254 /* Enum */ = {
			isa = PBXGroup;
			children = (
				7075782E2B824F700019A254 /* DisplayResolution.swift */,
			);
			path = Enum;
			sourceTree = "<group>";
		};
		707E9AF52B7E17FF00CA50D7 /* Window */ = {
			isa = PBXGroup;
			children = (
				707E9AF62B7E181300CA50D7 /* ProgressWindow.swift */,
				70DF83192B861AD200352A16 /* ErrorWindow.swift */,
			);
			path = Window;
			sourceTree = "<group>";
		};
		709F09002B85D03900935B72 /* Logging */ = {
			isa = PBXGroup;
			children = (
				709F08FE2B85CE6C00935B72 /* Logger.swift */,
			);
			path = Logging;
			sourceTree = "<group>";
		};
		70B3347C2B7C6D4100126B77 /* Resource */ = {
			isa = PBXGroup;
			children = (
				70DF83412B8761C600352A16 /* ttml-word.ttml */,
				70CC229B2B7AFA5500B7EBE5 /* ttml-line.ttml */,
			);
			path = Resource;
			sourceTree = "<group>";
		};
		70DF83162B85DD8300352A16 /* Player */ = {
			isa = PBXGroup;
			children = (
				70DF833D2B87244700352A16 /* ArthubAudioPlayer.swift */,
				70F3A9D62B6F37030091EB65 /* ArthubVideoPlayer.swift */,
			);
			path = Player;
			sourceTree = "<group>";
		};
		70DF83252B864B0900352A16 /* NowPlayable */ = {
			isa = PBXGroup;
			children = (
				70DF83322B86558A00352A16 /* Configuration */,
				70DF832C2B864C9400352A16 /* NowPlayable.swift */,
				70DF83282B864BA300352A16 /* NowPlayableMetadata.swift */,
				70DF832A2B864C4500352A16 /* NowPlayableCommand.swift */,
				70DF83262B864B6400352A16 /* AudioNowPlayableBehavior.swift */,
				70DF833F2B8738D300352A16 /* VideoNowPlayableBehavior.swift */,
				70DF832E2B864CAE00352A16 /* NowPlayableError.swift */,
			);
			path = NowPlayable;
			sourceTree = "<group>";
		};
		70DF83322B86558A00352A16 /* Configuration */ = {
			isa = PBXGroup;
			children = (
				70DF83332B86558A00352A16 /* ConfigAsset.swift */,
				70DF83342B86558A00352A16 /* ConfigCommand.swift */,
				70DF83352B86558A00352A16 /* ConfigCommandCollection.swift */,
				70DF83362B86558A00352A16 /* ConfigPath.swift */,
				70DF83372B86558A00352A16 /* ConfigModel.swift */,
			);
			path = Configuration;
			sourceTree = "<group>";
		};
		70E2AE632B80C0F50085E8EE /* Foundation */ = {
			isa = PBXGroup;
			children = (
				707E9AF32B7E172600CA50D7 /* Notification.Name+.swift */,
				70E55BDA2B7CBC7000B95B68 /* String+.swift */,
				708F37202B7CD449007CF004 /* DispatchQueue.swift */,
				70707C1F2B7F43A900BE1932 /* Array+.swift */,
				707E9AF82B7E327900CA50D7 /* URL+.swift */,
				705DF7122B6C9FA9006D9726 /* DateComponentsFormatter+.swift */,
				705DF7132B6C9FA9006D9726 /* TimeInterval+.swift */,
				705DF74E2B6E0AEF006D9726 /* UserDefaults+.swift */,
			);
			path = Foundation;
			sourceTree = "<group>";
		};
		70E2AE642B80C0FD0085E8EE /* SwiftUI */ = {
			isa = PBXGroup;
			children = (
				705DF73D2B6D0A97006D9726 /* Color+.swift */,
				705DF7112B6C9FA9006D9726 /* View+.swift */,
				705DF7452B6E01FA006D9726 /* CGFloat+.swift */,
				709B8B6F2B711D4A0048AE40 /* Image+.swift */,
				707578302B8250790019A254 /* CGSize+.swift */,
			);
			path = SwiftUI;
			sourceTree = "<group>";
		};
		70E2AE672B80C9D70085E8EE /* TMDb */ = {
			isa = PBXGroup;
			children = (
				70E2AE5F2B80B2760085E8EE /* TMDbConfiguration+.swift */,
				70E2AE682B80C9E70085E8EE /* SearchService+.swift */,
				70E2AE6A2B80CC190085E8EE /* MovieService+.swift */,
				70E2AE722B80D64B0085E8EE /* Movie.swift */,
				70E2AE772B8109EE0085E8EE /* ConfigurationService+.swift */,
				70E2AE7C2B81D2370085E8EE /* ImageMetadata+.swift */,
				70E2AE7E2B81D27F0085E8EE /* CastMember+.swift */,
				70E2AE802B81D2D40085E8EE /* CrewMember+.swift */,
				707578442B838B560019A254 /* ImageCollection+.swift */,
				707578462B838CA70019A254 /* ShowCredits+.swift */,
				709F08E22B84821E00935B72 /* PersonService+.swift */,
				709F08E52B84917000935B72 /* Person+.swift */,
			);
			path = TMDb;
			sourceTree = "<group>";
		};
		70E2AE742B80D9750085E8EE /* Data */ = {
			isa = PBXGroup;
			children = (
				70E2AE6E2B80CF000085E8EE /* MovieMetrics.swift */,
			);
			path = Data;
			sourceTree = "<group>";
		};
/* End PBXGroup section */

/* Begin PBXNativeTarget section */
		705DF6DD2B6C9F76006D9726 /* Arthub */ = {
			isa = PBXNativeTarget;
			buildConfigurationList = 705DF7052B6C9F77006D9726 /* Build configuration list for PBXNativeTarget "Arthub" */;
			buildPhases = (
				705DF6DA2B6C9F76006D9726 /* Sources */,
				705DF6DB2B6C9F76006D9726 /* Frameworks */,
				705DF6DC2B6C9F76006D9726 /* Resources */,
			);
			buildRules = (
			);
			dependencies = (
			);
			name = Arthub;
			packageProductDependencies = (
				709F08F42B84BFDC00935B72 /* TMDb */,
				709F08F72B84BFE600935B72 /* KeychainAccess */,
				709F08FC2B85CE3100935B72 /* Logging */,
				70DF83232B86262E00352A16 /* DequeModule */,
			);
			productName = Arthub;
			productReference = 705DF6DE2B6C9F76006D9726 /* Arthub.app */;
			productType = "com.apple.product-type.application";
		};
		705DF6F02B6C9F77006D9726 /* ArthubTests */ = {
			isa = PBXNativeTarget;
			buildConfigurationList = 705DF7082B6C9F77006D9726 /* Build configuration list for PBXNativeTarget "ArthubTests" */;
			buildPhases = (
				705DF6ED2B6C9F77006D9726 /* Sources */,
				705DF6EE2B6C9F77006D9726 /* Frameworks */,
				705DF6EF2B6C9F77006D9726 /* Resources */,
			);
			buildRules = (
			);
			dependencies = (
				705DF6F32B6C9F77006D9726 /* PBXTargetDependency */,
			);
			name = ArthubTests;
			productName = ArthubTests;
			productReference = 705DF6F12B6C9F77006D9726 /* ArthubTests.xctest */;
			productType = "com.apple.product-type.bundle.unit-test";
		};
		705DF6FA2B6C9F77006D9726 /* ArthubUITests */ = {
			isa = PBXNativeTarget;
			buildConfigurationList = 705DF70B2B6C9F77006D9726 /* Build configuration list for PBXNativeTarget "ArthubUITests" */;
			buildPhases = (
				705DF6F72B6C9F77006D9726 /* Sources */,
				705DF6F82B6C9F77006D9726 /* Frameworks */,
				705DF6F92B6C9F77006D9726 /* Resources */,
			);
			buildRules = (
			);
			dependencies = (
				705DF6FD2B6C9F77006D9726 /* PBXTargetDependency */,
			);
			name = ArthubUITests;
			productName = ArthubUITests;
			productReference = 705DF6FB2B6C9F77006D9726 /* ArthubUITests.xctest */;
			productType = "com.apple.product-type.bundle.ui-testing";
		};
/* End PBXNativeTarget section */

/* Begin PBXProject section */
		705DF6D62B6C9F76006D9726 /* Project object */ = {
			isa = PBXProject;
			attributes = {
				BuildIndependentTargetsInParallel = 1;
				LastSwiftUpdateCheck = 1520;
				LastUpgradeCheck = 1520;
				TargetAttributes = {
					705DF6DD2B6C9F76006D9726 = {
						CreatedOnToolsVersion = 15.2;
					};
					705DF6F02B6C9F77006D9726 = {
						CreatedOnToolsVersion = 15.2;
						TestTargetID = 705DF6DD2B6C9F76006D9726;
					};
					705DF6FA2B6C9F77006D9726 = {
						CreatedOnToolsVersion = 15.2;
						TestTargetID = 705DF6DD2B6C9F76006D9726;
					};
				};
			};
			buildConfigurationList = 705DF6D92B6C9F76006D9726 /* Build configuration list for PBXProject "Arthub" */;
			compatibilityVersion = "Xcode 14.0";
			developmentRegion = en;
			hasScannedForEncodings = 0;
			knownRegions = (
				en,
				"zh-Hans",
				Base,
			);
			mainGroup = 705DF6D52B6C9F76006D9726;
			packageReferences = (
				709F08F32B84BFDC00935B72 /* XCRemoteSwiftPackageReference "TMDb" */,
				709F08F62B84BFE600935B72 /* XCRemoteSwiftPackageReference "KeychainAccess" */,
				709F08FB2B85CE3100935B72 /* XCRemoteSwiftPackageReference "swift-log" */,
				70DF831B2B86214E00352A16 /* XCRemoteSwiftPackageReference "swift-collections" */,
			);
			productRefGroup = 705DF6DF2B6C9F76006D9726 /* Products */;
			projectDirPath = "";
			projectRoot = "";
			targets = (
				705DF6DD2B6C9F76006D9726 /* Arthub */,
				705DF6F02B6C9F77006D9726 /* ArthubTests */,
				705DF6FA2B6C9F77006D9726 /* ArthubUITests */,
			);
		};
/* End PBXProject section */

/* Begin PBXResourcesBuildPhase section */
		705DF6DC2B6C9F76006D9726 /* Resources */ = {
			isa = PBXResourcesBuildPhase;
			buildActionMask = 2147483647;
			files = (
				705DF6EB2B6C9F77006D9726 /* Preview Assets.xcassets in Resources */,
				70DF83422B8761C600352A16 /* ttml-word.ttml in Resources */,
				705DF7342B6CA01F006D9726 /* Localizable.xcstrings in Resources */,
				705DF6E82B6C9F77006D9726 /* Assets.xcassets in Resources */,
				70CC229C2B7AFA5500B7EBE5 /* ttml-line.ttml in Resources */,
			);
			runOnlyForDeploymentPostprocessing = 0;
		};
		705DF6EF2B6C9F77006D9726 /* Resources */ = {
			isa = PBXResourcesBuildPhase;
			buildActionMask = 2147483647;
			files = (
			);
			runOnlyForDeploymentPostprocessing = 0;
		};
		705DF6F92B6C9F77006D9726 /* Resources */ = {
			isa = PBXResourcesBuildPhase;
			buildActionMask = 2147483647;
			files = (
			);
			runOnlyForDeploymentPostprocessing = 0;
		};
/* End PBXResourcesBuildPhase section */

/* Begin PBXSourcesBuildPhase section */
		705DF6DA2B6C9F76006D9726 /* Sources */ = {
			isa = PBXSourcesBuildPhase;
			buildActionMask = 2147483647;
			files = (
				705DF7422B6D240B006D9726 /* TimeSyncedLyricsView.swift in Sources */,
				709B8B6E2B70C49A0048AE40 /* StorageView.swift in Sources */,
				705DF7152B6C9FA9006D9726 /* DateComponentsFormatter+.swift in Sources */,
				70DF833C2B86558A00352A16 /* ConfigModel.swift in Sources */,
				70DF83182B85EFF300352A16 /* FileManager+.swift in Sources */,
				705DF72D2B6C9FB9006D9726 /* MovieView.swift in Sources */,
				70DF832D2B864C9400352A16 /* NowPlayable.swift in Sources */,
				70707C202B7F43A900BE1932 /* Array+.swift in Sources */,
				70E2AE6B2B80CC190085E8EE /* MovieService+.swift in Sources */,
				708F37212B7CD449007CF004 /* DispatchQueue.swift in Sources */,
				705DF74A2B6E065A006D9726 /* GeneralView.swift in Sources */,
				70E2AE732B80D64B0085E8EE /* Movie.swift in Sources */,
				70E2AE602B80B2760085E8EE /* TMDbConfiguration+.swift in Sources */,
				70DF833B2B86558A00352A16 /* ConfigPath.swift in Sources */,
				70E55BDB2B7CBC7000B95B68 /* String+.swift in Sources */,
				707E9AF72B7E181300CA50D7 /* ProgressWindow.swift in Sources */,
				707261D82B709E3A00F82D58 /* LyricsEditView.swift in Sources */,
				705DF7322B6C9FC6006D9726 /* ContentView.swift in Sources */,
				70DF831A2B861AD200352A16 /* ErrorWindow.swift in Sources */,
				70E2AE762B80D98C0085E8EE /* MovieDetail.swift in Sources */,
				705DF7162B6C9FA9006D9726 /* TimeInterval+.swift in Sources */,
				705DF74F2B6E0AEF006D9726 /* UserDefaults+.swift in Sources */,
				70707C2B2B80613000BE1932 /* LocalStorageView.swift in Sources */,
				705AF55A2B74C23E00A3D3C7 /* AVAudioPlayerNode+.swift in Sources */,
				70E2AE7D2B81D2370085E8EE /* ImageMetadata+.swift in Sources */,
				709B8B702B711D4A0048AE40 /* Image+.swift in Sources */,
				70DF83392B86558A00352A16 /* ConfigCommand.swift in Sources */,
				701123272B839E9B002BB21E /* RegexPattern.swift in Sources */,
				70DF833E2B87244700352A16 /* ArthubAudioPlayer.swift in Sources */,
				705BD9222B71F830004CED50 /* Comparable+.swift in Sources */,
				705DF7362B6CC66E006D9726 /* Lyric.swift in Sources */,
				707E9AF92B7E327900CA50D7 /* URL+.swift in Sources */,
				707578312B8250790019A254 /* CGSize+.swift in Sources */,
				705DF7262B6C9FB9006D9726 /* Music.swift in Sources */,
				70DF83272B864B6400352A16 /* AudioNowPlayableBehavior.swift in Sources */,
				70CC229E2B7AFAD200B7EBE5 /* TTMLParser.swift in Sources */,
				705DF72A2B6C9FB9006D9726 /* MusicView.swift in Sources */,
				701875CD2B751FBA00A560FC /* WindowState.swift in Sources */,
				701123382B847E24002BB21E /* PersonDetail.swift in Sources */,
				70DF83292B864BA400352A16 /* NowPlayableMetadata.swift in Sources */,
				707578212B820FA70019A254 /* AVPlayer+.swift in Sources */,
				70F3A9D72B6F37030091EB65 /* ArthubVideoPlayer.swift in Sources */,
				705DF7462B6E01FA006D9726 /* CGFloat+.swift in Sources */,
				705DF72B2B6C9FB9006D9726 /* MusicPlayerView.swift in Sources */,
				70CC22A02B7B384400B7EBE5 /* UTType+.swift in Sources */,
				705DF7292B6C9FB9006D9726 /* MusicCardView.swift in Sources */,
				70707C2D2B80623800BE1932 /* RemoteStorageView.swift in Sources */,
				70E2AE832B81E4AB0085E8EE /* HorizontalScrollView.swift in Sources */,
				705DF72C2B6C9FB9006D9726 /* MovieCardView.swift in Sources */,
				707E9AF42B7E172600CA50D7 /* Notification.Name+.swift in Sources */,
				707578452B838B560019A254 /* ImageCollection+.swift in Sources */,
				709F08E62B84917000935B72 /* Person+.swift in Sources */,
				70C2ED492B884C2500989895 /* DynamicLyricView.swift in Sources */,
				70E2AE7F2B81D27F0085E8EE /* CastMember+.swift in Sources */,
				707578282B8221CA0019A254 /* DefaultAvatarView.swift in Sources */,
				70E2AE6F2B80CF000085E8EE /* MovieMetrics.swift in Sources */,
				709F08FA2B85A7C800935B72 /* Artist.swift in Sources */,
				7075782F2B824F700019A254 /* DisplayResolution.swift in Sources */,
				707578472B838CA70019A254 /* ShowCredits+.swift in Sources */,
				705DF72E2B6C9FB9006D9726 /* MoviePlayerView.swift in Sources */,
				707261D22B6FD71500F82D58 /* Album.swift in Sources */,
				70DF832F2B864CAE00352A16 /* NowPlayableError.swift in Sources */,
				705DF7402B6D0E9D006D9726 /* MusicListItemView.swift in Sources */,
				705DF7142B6C9FA9006D9726 /* View+.swift in Sources */,
				70DF833A2B86558A00352A16 /* ConfigCommandCollection.swift in Sources */,
				705DF72F2B6C9FB9006D9726 /* MovieDetailView.swift in Sources */,
				709F08E32B84821E00935B72 /* PersonService+.swift in Sources */,
				70E2AE782B8109EE0085E8EE /* ConfigurationService+.swift in Sources */,
				707261D42B6FF6E300F82D58 /* VolumeBar.swift in Sources */,
				70DF83402B8738D300352A16 /* VideoNowPlayableBehavior.swift in Sources */,
				70DF83382B86558A00352A16 /* ConfigAsset.swift in Sources */,
				701123362B847C77002BB21E /* PersonView.swift in Sources */,
				705DF6E22B6C9F76006D9726 /* ArthubApp.swift in Sources */,
				70E2AE812B81D2D40085E8EE /* CrewMember+.swift in Sources */,
				7075782A2B8223F20019A254 /* ErrorImageView.swift in Sources */,
				70DF832B2B864C4500352A16 /* NowPlayableCommand.swift in Sources */,
				705DF7302B6C9FB9006D9726 /* VideoPlayer.swift in Sources */,
				705DF7282B6C9FB9006D9726 /* MusicInspectorView.swift in Sources */,
				70707C262B80589F00BE1932 /* AutoWidthTabView.swift in Sources */,
				70E2AE692B80C9E70085E8EE /* SearchService+.swift in Sources */,
				707578412B8330C30019A254 /* ArthubSlider.swift in Sources */,
				705DF73E2B6D0A97006D9726 /* Color+.swift in Sources */,
				709F08FF2B85CE6C00935B72 /* Logger.swift in Sources */,
				707578262B821A100019A254 /* DefaultImageView.swift in Sources */,
				7011232F2B83A4B8002BB21E /* KeychainStorage+.swift in Sources */,
				705DF7482B6E0435006D9726 /* SettingsView.swift in Sources */,
				7011232A2B83A2B8002BB21E /* KeychainStorage.swift in Sources */,
			);
			runOnlyForDeploymentPostprocessing = 0;
		};
		705DF6ED2B6C9F77006D9726 /* Sources */ = {
			isa = PBXSourcesBuildPhase;
			buildActionMask = 2147483647;
			files = (
				705DF6F62B6C9F77006D9726 /* ArthubTests.swift in Sources */,
			);
			runOnlyForDeploymentPostprocessing = 0;
		};
		705DF6F72B6C9F77006D9726 /* Sources */ = {
			isa = PBXSourcesBuildPhase;
			buildActionMask = 2147483647;
			files = (
				705DF7022B6C9F77006D9726 /* ArthubUITestsLaunchTests.swift in Sources */,
				705DF7002B6C9F77006D9726 /* ArthubUITests.swift in Sources */,
			);
			runOnlyForDeploymentPostprocessing = 0;
		};
/* End PBXSourcesBuildPhase section */

/* Begin PBXTargetDependency section */
		705DF6F32B6C9F77006D9726 /* PBXTargetDependency */ = {
			isa = PBXTargetDependency;
			target = 705DF6DD2B6C9F76006D9726 /* Arthub */;
			targetProxy = 705DF6F22B6C9F77006D9726 /* PBXContainerItemProxy */;
		};
		705DF6FD2B6C9F77006D9726 /* PBXTargetDependency */ = {
			isa = PBXTargetDependency;
			target = 705DF6DD2B6C9F76006D9726 /* Arthub */;
			targetProxy = 705DF6FC2B6C9F77006D9726 /* PBXContainerItemProxy */;
		};
/* End PBXTargetDependency section */

/* Begin XCBuildConfiguration section */
		705DF7032B6C9F77006D9726 /* Debug */ = {
			isa = XCBuildConfiguration;
			buildSettings = {
				ALWAYS_SEARCH_USER_PATHS = NO;
				ASSETCATALOG_COMPILER_GENERATE_SWIFT_ASSET_SYMBOL_EXTENSIONS = YES;
				CLANG_ANALYZER_NONNULL = YES;
				CLANG_ANALYZER_NUMBER_OBJECT_CONVERSION = YES_AGGRESSIVE;
				CLANG_CXX_LANGUAGE_STANDARD = "gnu++20";
				CLANG_ENABLE_MODULES = YES;
				CLANG_ENABLE_OBJC_ARC = YES;
				CLANG_ENABLE_OBJC_WEAK = YES;
				CLANG_WARN_BLOCK_CAPTURE_AUTORELEASING = YES;
				CLANG_WARN_BOOL_CONVERSION = YES;
				CLANG_WARN_COMMA = YES;
				CLANG_WARN_CONSTANT_CONVERSION = YES;
				CLANG_WARN_DEPRECATED_OBJC_IMPLEMENTATIONS = YES;
				CLANG_WARN_DIRECT_OBJC_ISA_USAGE = YES_ERROR;
				CLANG_WARN_DOCUMENTATION_COMMENTS = YES;
				CLANG_WARN_EMPTY_BODY = YES;
				CLANG_WARN_ENUM_CONVERSION = YES;
				CLANG_WARN_INFINITE_RECURSION = YES;
				CLANG_WARN_INT_CONVERSION = YES;
				CLANG_WARN_NON_LITERAL_NULL_CONVERSION = YES;
				CLANG_WARN_OBJC_IMPLICIT_RETAIN_SELF = YES;
				CLANG_WARN_OBJC_LITERAL_CONVERSION = YES;
				CLANG_WARN_OBJC_ROOT_CLASS = YES_ERROR;
				CLANG_WARN_QUOTED_INCLUDE_IN_FRAMEWORK_HEADER = YES;
				CLANG_WARN_RANGE_LOOP_ANALYSIS = YES;
				CLANG_WARN_STRICT_PROTOTYPES = YES;
				CLANG_WARN_SUSPICIOUS_MOVE = YES;
				CLANG_WARN_UNGUARDED_AVAILABILITY = YES_AGGRESSIVE;
				CLANG_WARN_UNREACHABLE_CODE = YES;
				CLANG_WARN__DUPLICATE_METHOD_MATCH = YES;
				CODE_SIGN_IDENTITY = "Apple Development";
				COPY_PHASE_STRIP = NO;
				DEBUG_INFORMATION_FORMAT = dwarf;
				DEVELOPMENT_TEAM = DTZV6LDYD5;
				ENABLE_APP_SANDBOX = NO;
				ENABLE_STRICT_OBJC_MSGSEND = YES;
				ENABLE_TESTABILITY = YES;
				ENABLE_USER_SCRIPT_SANDBOXING = YES;
				GCC_C_LANGUAGE_STANDARD = gnu17;
				GCC_DYNAMIC_NO_PIC = NO;
				GCC_NO_COMMON_BLOCKS = YES;
				GCC_OPTIMIZATION_LEVEL = 0;
				GCC_PREPROCESSOR_DEFINITIONS = (
					"DEBUG=1",
					"$(inherited)",
				);
				GCC_WARN_64_TO_32_BIT_CONVERSION = YES;
				GCC_WARN_ABOUT_RETURN_TYPE = YES_ERROR;
				GCC_WARN_UNDECLARED_SELECTOR = YES;
				GCC_WARN_UNINITIALIZED_AUTOS = YES_AGGRESSIVE;
				GCC_WARN_UNUSED_FUNCTION = YES;
				GCC_WARN_UNUSED_VARIABLE = YES;
				LOCALIZATION_PREFERS_STRING_CATALOGS = YES;
				MACOSX_DEPLOYMENT_TARGET = 14.0;
				MTL_ENABLE_DEBUG_INFO = INCLUDE_SOURCE;
				MTL_FAST_MATH = YES;
				ONLY_ACTIVE_ARCH = YES;
				SDKROOT = macosx;
				SWIFT_ACTIVE_COMPILATION_CONDITIONS = "DEBUG $(inherited)";
				SWIFT_OPTIMIZATION_LEVEL = "-Onone";
			};
			name = Debug;
		};
		705DF7042B6C9F77006D9726 /* Release */ = {
			isa = XCBuildConfiguration;
			buildSettings = {
				ALWAYS_SEARCH_USER_PATHS = NO;
				ASSETCATALOG_COMPILER_GENERATE_SWIFT_ASSET_SYMBOL_EXTENSIONS = YES;
				CLANG_ANALYZER_NONNULL = YES;
				CLANG_ANALYZER_NUMBER_OBJECT_CONVERSION = YES_AGGRESSIVE;
				CLANG_CXX_LANGUAGE_STANDARD = "gnu++20";
				CLANG_ENABLE_MODULES = YES;
				CLANG_ENABLE_OBJC_ARC = YES;
				CLANG_ENABLE_OBJC_WEAK = YES;
				CLANG_WARN_BLOCK_CAPTURE_AUTORELEASING = YES;
				CLANG_WARN_BOOL_CONVERSION = YES;
				CLANG_WARN_COMMA = YES;
				CLANG_WARN_CONSTANT_CONVERSION = YES;
				CLANG_WARN_DEPRECATED_OBJC_IMPLEMENTATIONS = YES;
				CLANG_WARN_DIRECT_OBJC_ISA_USAGE = YES_ERROR;
				CLANG_WARN_DOCUMENTATION_COMMENTS = YES;
				CLANG_WARN_EMPTY_BODY = YES;
				CLANG_WARN_ENUM_CONVERSION = YES;
				CLANG_WARN_INFINITE_RECURSION = YES;
				CLANG_WARN_INT_CONVERSION = YES;
				CLANG_WARN_NON_LITERAL_NULL_CONVERSION = YES;
				CLANG_WARN_OBJC_IMPLICIT_RETAIN_SELF = YES;
				CLANG_WARN_OBJC_LITERAL_CONVERSION = YES;
				CLANG_WARN_OBJC_ROOT_CLASS = YES_ERROR;
				CLANG_WARN_QUOTED_INCLUDE_IN_FRAMEWORK_HEADER = YES;
				CLANG_WARN_RANGE_LOOP_ANALYSIS = YES;
				CLANG_WARN_STRICT_PROTOTYPES = YES;
				CLANG_WARN_SUSPICIOUS_MOVE = YES;
				CLANG_WARN_UNGUARDED_AVAILABILITY = YES_AGGRESSIVE;
				CLANG_WARN_UNREACHABLE_CODE = YES;
				CLANG_WARN__DUPLICATE_METHOD_MATCH = YES;
				CODE_SIGN_IDENTITY = "Apple Development";
				COPY_PHASE_STRIP = NO;
				DEBUG_INFORMATION_FORMAT = "dwarf-with-dsym";
				DEVELOPMENT_TEAM = DTZV6LDYD5;
				ENABLE_APP_SANDBOX = NO;
				ENABLE_NS_ASSERTIONS = NO;
				ENABLE_STRICT_OBJC_MSGSEND = YES;
				ENABLE_USER_SCRIPT_SANDBOXING = YES;
				GCC_C_LANGUAGE_STANDARD = gnu17;
				GCC_NO_COMMON_BLOCKS = YES;
				GCC_WARN_64_TO_32_BIT_CONVERSION = YES;
				GCC_WARN_ABOUT_RETURN_TYPE = YES_ERROR;
				GCC_WARN_UNDECLARED_SELECTOR = YES;
				GCC_WARN_UNINITIALIZED_AUTOS = YES_AGGRESSIVE;
				GCC_WARN_UNUSED_FUNCTION = YES;
				GCC_WARN_UNUSED_VARIABLE = YES;
				LOCALIZATION_PREFERS_STRING_CATALOGS = YES;
				MACOSX_DEPLOYMENT_TARGET = 14.0;
				MTL_ENABLE_DEBUG_INFO = NO;
				MTL_FAST_MATH = YES;
				SDKROOT = macosx;
				SWIFT_COMPILATION_MODE = wholemodule;
			};
			name = Release;
		};
		705DF7062B6C9F77006D9726 /* Debug */ = {
			isa = XCBuildConfiguration;
			buildSettings = {
				ASSETCATALOG_COMPILER_APPICON_NAME = AppIcon;
				ASSETCATALOG_COMPILER_GLOBAL_ACCENT_COLOR_NAME = AccentColor;
				CODE_SIGN_ENTITLEMENTS = Arthub/Arthub.entitlements;
				"CODE_SIGN_IDENTITY[sdk=macosx*]" = "Apple Development";
				CODE_SIGN_STYLE = Automatic;
				COMBINE_HIDPI_IMAGES = YES;
				CURRENT_PROJECT_VERSION = 1;
				DEVELOPMENT_ASSET_PATHS = "\"Arthub/Preview Content\"";
				DEVELOPMENT_TEAM = DTZV6LDYD5;
				ENABLE_HARDENED_RUNTIME = YES;
				ENABLE_PREVIEWS = YES;
				GENERATE_INFOPLIST_FILE = YES;
				INFOPLIST_FILE = Arthub/Info.plist;
				INFOPLIST_KEY_NSHumanReadableCopyright = "";
				LD_RUNPATH_SEARCH_PATHS = (
					"$(inherited)",
					"@executable_path/../Frameworks",
				);
				MACOSX_DEPLOYMENT_TARGET = 14.0;
				MARKETING_VERSION = 1.0;
				PRODUCT_BUNDLE_IDENTIFIER = com.zhanghongshen.Arthub;
				PRODUCT_NAME = "$(TARGET_NAME)";
				SUPPORTED_PLATFORMS = macosx;
				SUPPORTS_MACCATALYST = NO;
				SWIFT_EMIT_LOC_STRINGS = YES;
				SWIFT_VERSION = 5.0;
			};
			name = Debug;
		};
		705DF7072B6C9F77006D9726 /* Release */ = {
			isa = XCBuildConfiguration;
			buildSettings = {
				ASSETCATALOG_COMPILER_APPICON_NAME = AppIcon;
				ASSETCATALOG_COMPILER_GLOBAL_ACCENT_COLOR_NAME = AccentColor;
				CODE_SIGN_ENTITLEMENTS = Arthub/Arthub.entitlements;
				"CODE_SIGN_IDENTITY[sdk=macosx*]" = "-";
				CODE_SIGN_STYLE = Automatic;
				COMBINE_HIDPI_IMAGES = YES;
				CURRENT_PROJECT_VERSION = 1;
				DEVELOPMENT_ASSET_PATHS = "\"Arthub/Preview Content\"";
				DEVELOPMENT_TEAM = DTZV6LDYD5;
				ENABLE_HARDENED_RUNTIME = YES;
				ENABLE_PREVIEWS = YES;
				GENERATE_INFOPLIST_FILE = YES;
				INFOPLIST_FILE = Arthub/Info.plist;
				INFOPLIST_KEY_NSHumanReadableCopyright = "";
				LD_RUNPATH_SEARCH_PATHS = (
					"$(inherited)",
					"@executable_path/../Frameworks",
				);
				MACOSX_DEPLOYMENT_TARGET = 14.0;
				MARKETING_VERSION = 1.0;
				PRODUCT_BUNDLE_IDENTIFIER = com.zhanghongshen.Arthub;
				PRODUCT_NAME = "$(TARGET_NAME)";
				SUPPORTED_PLATFORMS = macosx;
				SUPPORTS_MACCATALYST = NO;
				SWIFT_EMIT_LOC_STRINGS = YES;
				SWIFT_VERSION = 5.0;
			};
			name = Release;
		};
		705DF7092B6C9F77006D9726 /* Debug */ = {
			isa = XCBuildConfiguration;
			buildSettings = {
				ALWAYS_EMBED_SWIFT_STANDARD_LIBRARIES = YES;
				BUNDLE_LOADER = "$(TEST_HOST)";
				"CODE_SIGN_IDENTITY[sdk=macosx*]" = "Apple Development";
				CODE_SIGN_STYLE = Automatic;
				CURRENT_PROJECT_VERSION = 1;
				DEVELOPMENT_TEAM = DTZV6LDYD5;
				GENERATE_INFOPLIST_FILE = YES;
				MACOSX_DEPLOYMENT_TARGET = 14.0;
				MARKETING_VERSION = 1.0;
				PRODUCT_BUNDLE_IDENTIFIER = com.zhanghongshen.ArthubTests;
				PRODUCT_NAME = "$(TARGET_NAME)";
				SWIFT_EMIT_LOC_STRINGS = NO;
				SWIFT_VERSION = 5.0;
				TEST_HOST = "$(BUILT_PRODUCTS_DIR)/Arthub.app/$(BUNDLE_EXECUTABLE_FOLDER_PATH)/Arthub";
			};
			name = Debug;
		};
		705DF70A2B6C9F77006D9726 /* Release */ = {
			isa = XCBuildConfiguration;
			buildSettings = {
				ALWAYS_EMBED_SWIFT_STANDARD_LIBRARIES = YES;
				BUNDLE_LOADER = "$(TEST_HOST)";
				"CODE_SIGN_IDENTITY[sdk=macosx*]" = "Apple Development";
				CODE_SIGN_STYLE = Automatic;
				CURRENT_PROJECT_VERSION = 1;
				DEVELOPMENT_TEAM = DTZV6LDYD5;
				GENERATE_INFOPLIST_FILE = YES;
				MACOSX_DEPLOYMENT_TARGET = 14.0;
				MARKETING_VERSION = 1.0;
				PRODUCT_BUNDLE_IDENTIFIER = com.zhanghongshen.ArthubTests;
				PRODUCT_NAME = "$(TARGET_NAME)";
				SWIFT_EMIT_LOC_STRINGS = NO;
				SWIFT_VERSION = 5.0;
				TEST_HOST = "$(BUILT_PRODUCTS_DIR)/Arthub.app/$(BUNDLE_EXECUTABLE_FOLDER_PATH)/Arthub";
			};
			name = Release;
		};
		705DF70C2B6C9F77006D9726 /* Debug */ = {
			isa = XCBuildConfiguration;
			buildSettings = {
				ALWAYS_EMBED_SWIFT_STANDARD_LIBRARIES = YES;
				CODE_SIGN_STYLE = Automatic;
				CURRENT_PROJECT_VERSION = 1;
				DEVELOPMENT_TEAM = DTZV6LDYD5;
				GENERATE_INFOPLIST_FILE = YES;
				MARKETING_VERSION = 1.0;
				PRODUCT_BUNDLE_IDENTIFIER = com.zhanghongshen.ArthubUITests;
				PRODUCT_NAME = "$(TARGET_NAME)";
				SWIFT_EMIT_LOC_STRINGS = NO;
				SWIFT_VERSION = 5.0;
				TEST_TARGET_NAME = Arthub;
			};
			name = Debug;
		};
		705DF70D2B6C9F77006D9726 /* Release */ = {
			isa = XCBuildConfiguration;
			buildSettings = {
				ALWAYS_EMBED_SWIFT_STANDARD_LIBRARIES = YES;
				CODE_SIGN_STYLE = Automatic;
				CURRENT_PROJECT_VERSION = 1;
				DEVELOPMENT_TEAM = DTZV6LDYD5;
				GENERATE_INFOPLIST_FILE = YES;
				MARKETING_VERSION = 1.0;
				PRODUCT_BUNDLE_IDENTIFIER = com.zhanghongshen.ArthubUITests;
				PRODUCT_NAME = "$(TARGET_NAME)";
				SWIFT_EMIT_LOC_STRINGS = NO;
				SWIFT_VERSION = 5.0;
				TEST_TARGET_NAME = Arthub;
			};
			name = Release;
		};
/* End XCBuildConfiguration section */

/* Begin XCConfigurationList section */
		705DF6D92B6C9F76006D9726 /* Build configuration list for PBXProject "Arthub" */ = {
			isa = XCConfigurationList;
			buildConfigurations = (
				705DF7032B6C9F77006D9726 /* Debug */,
				705DF7042B6C9F77006D9726 /* Release */,
			);
			defaultConfigurationIsVisible = 0;
			defaultConfigurationName = Release;
		};
		705DF7052B6C9F77006D9726 /* Build configuration list for PBXNativeTarget "Arthub" */ = {
			isa = XCConfigurationList;
			buildConfigurations = (
				705DF7062B6C9F77006D9726 /* Debug */,
				705DF7072B6C9F77006D9726 /* Release */,
			);
			defaultConfigurationIsVisible = 0;
			defaultConfigurationName = Release;
		};
		705DF7082B6C9F77006D9726 /* Build configuration list for PBXNativeTarget "ArthubTests" */ = {
			isa = XCConfigurationList;
			buildConfigurations = (
				705DF7092B6C9F77006D9726 /* Debug */,
				705DF70A2B6C9F77006D9726 /* Release */,
			);
			defaultConfigurationIsVisible = 0;
			defaultConfigurationName = Release;
		};
		705DF70B2B6C9F77006D9726 /* Build configuration list for PBXNativeTarget "ArthubUITests" */ = {
			isa = XCConfigurationList;
			buildConfigurations = (
				705DF70C2B6C9F77006D9726 /* Debug */,
				705DF70D2B6C9F77006D9726 /* Release */,
			);
			defaultConfigurationIsVisible = 0;
			defaultConfigurationName = Release;
		};
/* End XCConfigurationList section */

/* Begin XCRemoteSwiftPackageReference section */
		709F08F32B84BFDC00935B72 /* XCRemoteSwiftPackageReference "TMDb" */ = {
			isa = XCRemoteSwiftPackageReference;
			repositoryURL = "https://github.com/adamayoung/TMDb";
			requirement = {
				kind = upToNextMajorVersion;
				minimumVersion = 11.1.0;
			};
		};
		709F08F62B84BFE600935B72 /* XCRemoteSwiftPackageReference "KeychainAccess" */ = {
			isa = XCRemoteSwiftPackageReference;
			repositoryURL = "https://github.com/kishikawakatsumi/KeychainAccess";
			requirement = {
				branch = master;
				kind = branch;
			};
		};
		709F08FB2B85CE3100935B72 /* XCRemoteSwiftPackageReference "swift-log" */ = {
			isa = XCRemoteSwiftPackageReference;
			repositoryURL = "https://github.com/apple/swift-log";
			requirement = {
				kind = upToNextMajorVersion;
				minimumVersion = 1.5.4;
			};
		};
		70DF831B2B86214E00352A16 /* XCRemoteSwiftPackageReference "swift-collections" */ = {
			isa = XCRemoteSwiftPackageReference;
			repositoryURL = "https://github.com/apple/swift-collections.git";
			requirement = {
				kind = upToNextMajorVersion;
				minimumVersion = 1.1.0;
			};
		};
/* End XCRemoteSwiftPackageReference section */

/* Begin XCSwiftPackageProductDependency section */
		709F08F42B84BFDC00935B72 /* TMDb */ = {
			isa = XCSwiftPackageProductDependency;
			package = 709F08F32B84BFDC00935B72 /* XCRemoteSwiftPackageReference "TMDb" */;
			productName = TMDb;
		};
		709F08F72B84BFE600935B72 /* KeychainAccess */ = {
			isa = XCSwiftPackageProductDependency;
			package = 709F08F62B84BFE600935B72 /* XCRemoteSwiftPackageReference "KeychainAccess" */;
			productName = KeychainAccess;
		};
		709F08FC2B85CE3100935B72 /* Logging */ = {
			isa = XCSwiftPackageProductDependency;
			package = 709F08FB2B85CE3100935B72 /* XCRemoteSwiftPackageReference "swift-log" */;
			productName = Logging;
		};
		70DF83232B86262E00352A16 /* DequeModule */ = {
			isa = XCSwiftPackageProductDependency;
			package = 70DF831B2B86214E00352A16 /* XCRemoteSwiftPackageReference "swift-collections" */;
			productName = DequeModule;
		};
/* End XCSwiftPackageProductDependency section */
	};
	rootObject = 705DF6D62B6C9F76006D9726 /* Project object */;
}
