// !$*UTF8*$!
{
	archiveVersion = 1;
	classes = {
	};
	objectVersion = 56;
	objects = {

/* Begin PBXBuildFile section */
		705DF6E22B6C9F76006D9726 /* ArthubApp.swift in Sources */ = {isa = PBXBuildFile; fileRef = 705DF6E12B6C9F76006D9726 /* ArthubApp.swift */; };
		705DF6E82B6C9F77006D9726 /* Assets.xcassets in Resources */ = {isa = PBXBuildFile; fileRef = 705DF6E72B6C9F77006D9726 /* Assets.xcassets */; };
		705DF6EB2B6C9F77006D9726 /* Preview Assets.xcassets in Resources */ = {isa = PBXBuildFile; fileRef = 705DF6EA2B6C9F77006D9726 /* Preview Assets.xcassets */; };
		705DF6F62B6C9F77006D9726 /* ArthubTests.swift in Sources */ = {isa = PBXBuildFile; fileRef = 705DF6F52B6C9F77006D9726 /* ArthubTests.swift */; };
		705DF7002B6C9F77006D9726 /* ArthubUITests.swift in Sources */ = {isa = PBXBuildFile; fileRef = 705DF6FF2B6C9F77006D9726 /* ArthubUITests.swift */; };
		705DF7022B6C9F77006D9726 /* ArthubUITestsLaunchTests.swift in Sources */ = {isa = PBXBuildFile; fileRef = 705DF7012B6C9F77006D9726 /* ArthubUITestsLaunchTests.swift */; };
		705DF7142B6C9FA9006D9726 /* View+.swift in Sources */ = {isa = PBXBuildFile; fileRef = 705DF7112B6C9FA9006D9726 /* View+.swift */; };
		705DF7152B6C9FA9006D9726 /* DateComponentsFormatter+.swift in Sources */ = {isa = PBXBuildFile; fileRef = 705DF7122B6C9FA9006D9726 /* DateComponentsFormatter+.swift */; };
		705DF7162B6C9FA9006D9726 /* TimeInterval+.swift in Sources */ = {isa = PBXBuildFile; fileRef = 705DF7132B6C9FA9006D9726 /* TimeInterval+.swift */; };
		705DF7262B6C9FB9006D9726 /* Music.swift in Sources */ = {isa = PBXBuildFile; fileRef = 705DF7182B6C9FB9006D9726 /* Music.swift */; };
		705DF7272B6C9FB9006D9726 /* Movie.swift in Sources */ = {isa = PBXBuildFile; fileRef = 705DF7192B6C9FB9006D9726 /* Movie.swift */; };
		705DF7282B6C9FB9006D9726 /* MusicInspectorView.swift in Sources */ = {isa = PBXBuildFile; fileRef = 705DF71C2B6C9FB9006D9726 /* MusicInspectorView.swift */; };
		705DF7292B6C9FB9006D9726 /* MusicCardView.swift in Sources */ = {isa = PBXBuildFile; fileRef = 705DF71D2B6C9FB9006D9726 /* MusicCardView.swift */; };
		705DF72A2B6C9FB9006D9726 /* MusicView.swift in Sources */ = {isa = PBXBuildFile; fileRef = 705DF71E2B6C9FB9006D9726 /* MusicView.swift */; };
		705DF72B2B6C9FB9006D9726 /* MusicPlayerView.swift in Sources */ = {isa = PBXBuildFile; fileRef = 705DF71F2B6C9FB9006D9726 /* MusicPlayerView.swift */; };
		705DF72C2B6C9FB9006D9726 /* MovieCardView.swift in Sources */ = {isa = PBXBuildFile; fileRef = 705DF7212B6C9FB9006D9726 /* MovieCardView.swift */; };
		705DF72D2B6C9FB9006D9726 /* MovieView.swift in Sources */ = {isa = PBXBuildFile; fileRef = 705DF7222B6C9FB9006D9726 /* MovieView.swift */; };
		705DF72E2B6C9FB9006D9726 /* MoviePlayerView.swift in Sources */ = {isa = PBXBuildFile; fileRef = 705DF7232B6C9FB9006D9726 /* MoviePlayerView.swift */; };
		705DF72F2B6C9FB9006D9726 /* MovieInspectorView.swift in Sources */ = {isa = PBXBuildFile; fileRef = 705DF7242B6C9FB9006D9726 /* MovieInspectorView.swift */; };
		705DF7302B6C9FB9006D9726 /* VideoPlayer.swift in Sources */ = {isa = PBXBuildFile; fileRef = 705DF7252B6C9FB9006D9726 /* VideoPlayer.swift */; };
		705DF7322B6C9FC6006D9726 /* ContentView.swift in Sources */ = {isa = PBXBuildFile; fileRef = 705DF7312B6C9FC6006D9726 /* ContentView.swift */; };
		705DF7342B6CA01F006D9726 /* Localizable.xcstrings in Resources */ = {isa = PBXBuildFile; fileRef = 705DF7332B6CA01F006D9726 /* Localizable.xcstrings */; };
		705DF7362B6CC66E006D9726 /* LyricSegment.swift in Sources */ = {isa = PBXBuildFile; fileRef = 705DF7352B6CC66E006D9726 /* LyricSegment.swift */; };
		705DF73E2B6D0A97006D9726 /* Color+.swift in Sources */ = {isa = PBXBuildFile; fileRef = 705DF73D2B6D0A97006D9726 /* Color+.swift */; };
		705DF7402B6D0E9D006D9726 /* MusicListView.swift in Sources */ = {isa = PBXBuildFile; fileRef = 705DF73F2B6D0E9D006D9726 /* MusicListView.swift */; };
		705DF7422B6D240B006D9726 /* TimeSyncedLyricsView.swift in Sources */ = {isa = PBXBuildFile; fileRef = 705DF7412B6D240B006D9726 /* TimeSyncedLyricsView.swift */; };
		705DF7442B6D5335006D9726 /* video.mp4 in Resources */ = {isa = PBXBuildFile; fileRef = 705DF7432B6D5335006D9726 /* video.mp4 */; };
		705DF7462B6E01FA006D9726 /* CGFloat+.swift in Sources */ = {isa = PBXBuildFile; fileRef = 705DF7452B6E01FA006D9726 /* CGFloat+.swift */; };
		705DF7482B6E0435006D9726 /* SettingsView.swift in Sources */ = {isa = PBXBuildFile; fileRef = 705DF7472B6E0435006D9726 /* SettingsView.swift */; };
		705DF74A2B6E065A006D9726 /* GeneralView.swift in Sources */ = {isa = PBXBuildFile; fileRef = 705DF7492B6E065A006D9726 /* GeneralView.swift */; };
		705DF74C2B6E0674006D9726 /* KeybindingView.swift in Sources */ = {isa = PBXBuildFile; fileRef = 705DF74B2B6E0674006D9726 /* KeybindingView.swift */; };
		705DF74F2B6E0AEF006D9726 /* UserDefaults+.swift in Sources */ = {isa = PBXBuildFile; fileRef = 705DF74E2B6E0AEF006D9726 /* UserDefaults+.swift */; };
		707261D02B6FB15D00F82D58 /* AVAudioPlayer+.swift in Sources */ = {isa = PBXBuildFile; fileRef = 707261CF2B6FB15D00F82D58 /* AVAudioPlayer+.swift */; };
		707261D22B6FD71500F82D58 /* Album.swift in Sources */ = {isa = PBXBuildFile; fileRef = 707261D12B6FD71500F82D58 /* Album.swift */; };
		707261D42B6FF6E300F82D58 /* VolumeBar.swift in Sources */ = {isa = PBXBuildFile; fileRef = 707261D32B6FF6E300F82D58 /* VolumeBar.swift */; };
		707261D62B7091C700F82D58 /* ProgressBar.swift in Sources */ = {isa = PBXBuildFile; fileRef = 707261D52B7091C700F82D58 /* ProgressBar.swift */; };
		707261D82B709E3A00F82D58 /* LyricsEditView.swift in Sources */ = {isa = PBXBuildFile; fileRef = 707261D72B709E3A00F82D58 /* LyricsEditView.swift */; };
		709B8B6E2B70C49A0048AE40 /* LocationView.swift in Sources */ = {isa = PBXBuildFile; fileRef = 709B8B6D2B70C49A0048AE40 /* LocationView.swift */; };
		709B8B702B711D4A0048AE40 /* Image+.swift in Sources */ = {isa = PBXBuildFile; fileRef = 709B8B6F2B711D4A0048AE40 /* Image+.swift */; };
		70F3A9D42B6E886F0091EB65 /* music.mp3 in Resources */ = {isa = PBXBuildFile; fileRef = 70F3A9D32B6E886F0091EB65 /* music.mp3 */; };
		70F3A9D72B6F37030091EB65 /* ArthubPlayer.swift in Sources */ = {isa = PBXBuildFile; fileRef = 70F3A9D62B6F37030091EB65 /* ArthubPlayer.swift */; };
/* End PBXBuildFile section */

/* Begin PBXContainerItemProxy section */
		705DF6F22B6C9F77006D9726 /* PBXContainerItemProxy */ = {
			isa = PBXContainerItemProxy;
			containerPortal = 705DF6D62B6C9F76006D9726 /* Project object */;
			proxyType = 1;
			remoteGlobalIDString = 705DF6DD2B6C9F76006D9726;
			remoteInfo = Arthub;
		};
		705DF6FC2B6C9F77006D9726 /* PBXContainerItemProxy */ = {
			isa = PBXContainerItemProxy;
			containerPortal = 705DF6D62B6C9F76006D9726 /* Project object */;
			proxyType = 1;
			remoteGlobalIDString = 705DF6DD2B6C9F76006D9726;
			remoteInfo = Arthub;
		};
/* End PBXContainerItemProxy section */

/* Begin PBXFileReference section */
		705DF6DE2B6C9F76006D9726 /* Arthub.app */ = {isa = PBXFileReference; explicitFileType = wrapper.application; includeInIndex = 0; path = Arthub.app; sourceTree = BUILT_PRODUCTS_DIR; };
		705DF6E12B6C9F76006D9726 /* ArthubApp.swift */ = {isa = PBXFileReference; lastKnownFileType = sourcecode.swift; path = ArthubApp.swift; sourceTree = "<group>"; };
		705DF6E72B6C9F77006D9726 /* Assets.xcassets */ = {isa = PBXFileReference; lastKnownFileType = folder.assetcatalog; path = Assets.xcassets; sourceTree = "<group>"; };
		705DF6EA2B6C9F77006D9726 /* Preview Assets.xcassets */ = {isa = PBXFileReference; lastKnownFileType = folder.assetcatalog; path = "Preview Assets.xcassets"; sourceTree = "<group>"; };
		705DF6EC2B6C9F77006D9726 /* Arthub.entitlements */ = {isa = PBXFileReference; lastKnownFileType = text.plist.entitlements; path = Arthub.entitlements; sourceTree = "<group>"; };
		705DF6F12B6C9F77006D9726 /* ArthubTests.xctest */ = {isa = PBXFileReference; explicitFileType = wrapper.cfbundle; includeInIndex = 0; path = ArthubTests.xctest; sourceTree = BUILT_PRODUCTS_DIR; };
		705DF6F52B6C9F77006D9726 /* ArthubTests.swift */ = {isa = PBXFileReference; lastKnownFileType = sourcecode.swift; path = ArthubTests.swift; sourceTree = "<group>"; };
		705DF6FB2B6C9F77006D9726 /* ArthubUITests.xctest */ = {isa = PBXFileReference; explicitFileType = wrapper.cfbundle; includeInIndex = 0; path = ArthubUITests.xctest; sourceTree = BUILT_PRODUCTS_DIR; };
		705DF6FF2B6C9F77006D9726 /* ArthubUITests.swift */ = {isa = PBXFileReference; lastKnownFileType = sourcecode.swift; path = ArthubUITests.swift; sourceTree = "<group>"; };
		705DF7012B6C9F77006D9726 /* ArthubUITestsLaunchTests.swift */ = {isa = PBXFileReference; lastKnownFileType = sourcecode.swift; path = ArthubUITestsLaunchTests.swift; sourceTree = "<group>"; };
		705DF7112B6C9FA9006D9726 /* View+.swift */ = {isa = PBXFileReference; fileEncoding = 4; lastKnownFileType = sourcecode.swift; path = "View+.swift"; sourceTree = "<group>"; };
		705DF7122B6C9FA9006D9726 /* DateComponentsFormatter+.swift */ = {isa = PBXFileReference; fileEncoding = 4; lastKnownFileType = sourcecode.swift; path = "DateComponentsFormatter+.swift"; sourceTree = "<group>"; };
		705DF7132B6C9FA9006D9726 /* TimeInterval+.swift */ = {isa = PBXFileReference; fileEncoding = 4; lastKnownFileType = sourcecode.swift; path = "TimeInterval+.swift"; sourceTree = "<group>"; };
		705DF7182B6C9FB9006D9726 /* Music.swift */ = {isa = PBXFileReference; fileEncoding = 4; lastKnownFileType = sourcecode.swift; path = Music.swift; sourceTree = "<group>"; };
		705DF7192B6C9FB9006D9726 /* Movie.swift */ = {isa = PBXFileReference; fileEncoding = 4; lastKnownFileType = sourcecode.swift; path = Movie.swift; sourceTree = "<group>"; };
		705DF71C2B6C9FB9006D9726 /* MusicInspectorView.swift */ = {isa = PBXFileReference; fileEncoding = 4; lastKnownFileType = sourcecode.swift; path = MusicInspectorView.swift; sourceTree = "<group>"; };
		705DF71D2B6C9FB9006D9726 /* MusicCardView.swift */ = {isa = PBXFileReference; fileEncoding = 4; lastKnownFileType = sourcecode.swift; path = MusicCardView.swift; sourceTree = "<group>"; };
		705DF71E2B6C9FB9006D9726 /* MusicView.swift */ = {isa = PBXFileReference; fileEncoding = 4; lastKnownFileType = sourcecode.swift; path = MusicView.swift; sourceTree = "<group>"; };
		705DF71F2B6C9FB9006D9726 /* MusicPlayerView.swift */ = {isa = PBXFileReference; fileEncoding = 4; lastKnownFileType = sourcecode.swift; path = MusicPlayerView.swift; sourceTree = "<group>"; };
		705DF7212B6C9FB9006D9726 /* MovieCardView.swift */ = {isa = PBXFileReference; fileEncoding = 4; lastKnownFileType = sourcecode.swift; path = MovieCardView.swift; sourceTree = "<group>"; };
		705DF7222B6C9FB9006D9726 /* MovieView.swift */ = {isa = PBXFileReference; fileEncoding = 4; lastKnownFileType = sourcecode.swift; path = MovieView.swift; sourceTree = "<group>"; };
		705DF7232B6C9FB9006D9726 /* MoviePlayerView.swift */ = {isa = PBXFileReference; fileEncoding = 4; lastKnownFileType = sourcecode.swift; path = MoviePlayerView.swift; sourceTree = "<group>"; };
		705DF7242B6C9FB9006D9726 /* MovieInspectorView.swift */ = {isa = PBXFileReference; fileEncoding = 4; lastKnownFileType = sourcecode.swift; path = MovieInspectorView.swift; sourceTree = "<group>"; };
		705DF7252B6C9FB9006D9726 /* VideoPlayer.swift */ = {isa = PBXFileReference; fileEncoding = 4; lastKnownFileType = sourcecode.swift; path = VideoPlayer.swift; sourceTree = "<group>"; };
		705DF7312B6C9FC6006D9726 /* ContentView.swift */ = {isa = PBXFileReference; fileEncoding = 4; lastKnownFileType = sourcecode.swift; path = ContentView.swift; sourceTree = "<group>"; };
		705DF7332B6CA01F006D9726 /* Localizable.xcstrings */ = {isa = PBXFileReference; lastKnownFileType = text.json.xcstrings; path = Localizable.xcstrings; sourceTree = "<group>"; };
		705DF7352B6CC66E006D9726 /* LyricSegment.swift */ = {isa = PBXFileReference; lastKnownFileType = sourcecode.swift; path = LyricSegment.swift; sourceTree = "<group>"; };
		705DF73D2B6D0A97006D9726 /* Color+.swift */ = {isa = PBXFileReference; lastKnownFileType = sourcecode.swift; path = "Color+.swift"; sourceTree = "<group>"; };
		705DF73F2B6D0E9D006D9726 /* MusicListView.swift */ = {isa = PBXFileReference; lastKnownFileType = sourcecode.swift; path = MusicListView.swift; sourceTree = "<group>"; };
		705DF7412B6D240B006D9726 /* TimeSyncedLyricsView.swift */ = {isa = PBXFileReference; lastKnownFileType = sourcecode.swift; path = TimeSyncedLyricsView.swift; sourceTree = "<group>"; };
		705DF7432B6D5335006D9726 /* video.mp4 */ = {isa = PBXFileReference; lastKnownFileType = file; path = video.mp4; sourceTree = "<group>"; };
		705DF7452B6E01FA006D9726 /* CGFloat+.swift */ = {isa = PBXFileReference; lastKnownFileType = sourcecode.swift; path = "CGFloat+.swift"; sourceTree = "<group>"; };
		705DF7472B6E0435006D9726 /* SettingsView.swift */ = {isa = PBXFileReference; lastKnownFileType = sourcecode.swift; path = SettingsView.swift; sourceTree = "<group>"; };
		705DF7492B6E065A006D9726 /* GeneralView.swift */ = {isa = PBXFileReference; lastKnownFileType = sourcecode.swift; path = GeneralView.swift; sourceTree = "<group>"; };
		705DF74B2B6E0674006D9726 /* KeybindingView.swift */ = {isa = PBXFileReference; lastKnownFileType = sourcecode.swift; path = KeybindingView.swift; sourceTree = "<group>"; };
		705DF74E2B6E0AEF006D9726 /* UserDefaults+.swift */ = {isa = PBXFileReference; lastKnownFileType = sourcecode.swift; path = "UserDefaults+.swift"; sourceTree = "<group>"; };
		707261CF2B6FB15D00F82D58 /* AVAudioPlayer+.swift */ = {isa = PBXFileReference; lastKnownFileType = sourcecode.swift; path = "AVAudioPlayer+.swift"; sourceTree = "<group>"; };
		707261D12B6FD71500F82D58 /* Album.swift */ = {isa = PBXFileReference; lastKnownFileType = sourcecode.swift; path = Album.swift; sourceTree = "<group>"; };
		707261D32B6FF6E300F82D58 /* VolumeBar.swift */ = {isa = PBXFileReference; lastKnownFileType = sourcecode.swift; path = VolumeBar.swift; sourceTree = "<group>"; };
		707261D52B7091C700F82D58 /* ProgressBar.swift */ = {isa = PBXFileReference; lastKnownFileType = sourcecode.swift; path = ProgressBar.swift; sourceTree = "<group>"; };
		707261D72B709E3A00F82D58 /* LyricsEditView.swift */ = {isa = PBXFileReference; lastKnownFileType = sourcecode.swift; path = LyricsEditView.swift; sourceTree = "<group>"; };
		709B8B6D2B70C49A0048AE40 /* LocationView.swift */ = {isa = PBXFileReference; lastKnownFileType = sourcecode.swift; path = LocationView.swift; sourceTree = "<group>"; };
		709B8B6F2B711D4A0048AE40 /* Image+.swift */ = {isa = PBXFileReference; lastKnownFileType = sourcecode.swift; path = "Image+.swift"; sourceTree = "<group>"; };
		70F3A9D32B6E886F0091EB65 /* music.mp3 */ = {isa = PBXFileReference; lastKnownFileType = audio.mp3; path = music.mp3; sourceTree = "<group>"; };
		70F3A9D52B6E91B60091EB65 /* README.md */ = {isa = PBXFileReference; lastKnownFileType = net.daringfireball.markdown; path = README.md; sourceTree = "<group>"; };
		70F3A9D62B6F37030091EB65 /* ArthubPlayer.swift */ = {isa = PBXFileReference; lastKnownFileType = sourcecode.swift; path = ArthubPlayer.swift; sourceTree = "<group>"; };
/* End PBXFileReference section */

/* Begin PBXFrameworksBuildPhase section */
		705DF6DB2B6C9F76006D9726 /* Frameworks */ = {
			isa = PBXFrameworksBuildPhase;
			buildActionMask = 2147483647;
			files = (
			);
			runOnlyForDeploymentPostprocessing = 0;
		};
		705DF6EE2B6C9F77006D9726 /* Frameworks */ = {
			isa = PBXFrameworksBuildPhase;
			buildActionMask = 2147483647;
			files = (
			);
			runOnlyForDeploymentPostprocessing = 0;
		};
		705DF6F82B6C9F77006D9726 /* Frameworks */ = {
			isa = PBXFrameworksBuildPhase;
			buildActionMask = 2147483647;
			files = (
			);
			runOnlyForDeploymentPostprocessing = 0;
		};
/* End PBXFrameworksBuildPhase section */

/* Begin PBXGroup section */
		705DF6D52B6C9F76006D9726 = {
			isa = PBXGroup;
			children = (
				70F3A9D52B6E91B60091EB65 /* README.md */,
				705DF6E02B6C9F76006D9726 /* Arthub */,
				705DF6F42B6C9F77006D9726 /* ArthubTests */,
				705DF6FE2B6C9F77006D9726 /* ArthubUITests */,
				705DF6DF2B6C9F76006D9726 /* Products */,
			);
			sourceTree = "<group>";
		};
		705DF6DF2B6C9F76006D9726 /* Products */ = {
			isa = PBXGroup;
			children = (
				705DF6DE2B6C9F76006D9726 /* Arthub.app */,
				705DF6F12B6C9F77006D9726 /* ArthubTests.xctest */,
				705DF6FB2B6C9F77006D9726 /* ArthubUITests.xctest */,
			);
			name = Products;
			sourceTree = "<group>";
		};
		705DF6E02B6C9F76006D9726 /* Arthub */ = {
			isa = PBXGroup;
			children = (
				705DF7432B6D5335006D9726 /* video.mp4 */,
				70F3A9D32B6E886F0091EB65 /* music.mp3 */,
				707261CE2B6F879E00F82D58 /* ViewModel */,
				705DF7102B6C9FA9006D9726 /* Extension */,
				705DF7172B6C9FB9006D9726 /* Model */,
				705DF71A2B6C9FB9006D9726 /* View */,
				705DF6E12B6C9F76006D9726 /* ArthubApp.swift */,
				705DF6E72B6C9F77006D9726 /* Assets.xcassets */,
				705DF7312B6C9FC6006D9726 /* ContentView.swift */,
				705DF6EC2B6C9F77006D9726 /* Arthub.entitlements */,
				705DF6E92B6C9F77006D9726 /* Preview Content */,
				705DF7332B6CA01F006D9726 /* Localizable.xcstrings */,
			);
			path = Arthub;
			sourceTree = "<group>";
		};
		705DF6E92B6C9F77006D9726 /* Preview Content */ = {
			isa = PBXGroup;
			children = (
				705DF6EA2B6C9F77006D9726 /* Preview Assets.xcassets */,
			);
			path = "Preview Content";
			sourceTree = "<group>";
		};
		705DF6F42B6C9F77006D9726 /* ArthubTests */ = {
			isa = PBXGroup;
			children = (
				705DF6F52B6C9F77006D9726 /* ArthubTests.swift */,
			);
			path = ArthubTests;
			sourceTree = "<group>";
		};
		705DF6FE2B6C9F77006D9726 /* ArthubUITests */ = {
			isa = PBXGroup;
			children = (
				705DF6FF2B6C9F77006D9726 /* ArthubUITests.swift */,
				705DF7012B6C9F77006D9726 /* ArthubUITestsLaunchTests.swift */,
			);
			path = ArthubUITests;
			sourceTree = "<group>";
		};
		705DF7102B6C9FA9006D9726 /* Extension */ = {
			isa = PBXGroup;
			children = (
				705DF7112B6C9FA9006D9726 /* View+.swift */,
				705DF7122B6C9FA9006D9726 /* DateComponentsFormatter+.swift */,
				705DF7132B6C9FA9006D9726 /* TimeInterval+.swift */,
				705DF73D2B6D0A97006D9726 /* Color+.swift */,
				705DF7452B6E01FA006D9726 /* CGFloat+.swift */,
				705DF74E2B6E0AEF006D9726 /* UserDefaults+.swift */,
				707261CF2B6FB15D00F82D58 /* AVAudioPlayer+.swift */,
				709B8B6F2B711D4A0048AE40 /* Image+.swift */,
			);
			path = Extension;
			sourceTree = "<group>";
		};
		705DF7172B6C9FB9006D9726 /* Model */ = {
			isa = PBXGroup;
			children = (
				705DF7182B6C9FB9006D9726 /* Music.swift */,
				705DF7192B6C9FB9006D9726 /* Movie.swift */,
				705DF7352B6CC66E006D9726 /* LyricSegment.swift */,
				707261D12B6FD71500F82D58 /* Album.swift */,
			);
			path = Model;
			sourceTree = "<group>";
		};
		705DF71A2B6C9FB9006D9726 /* View */ = {
			isa = PBXGroup;
			children = (
				707261CA2B6F83E300F82D58 /* Player */,
				705DF74D2B6E06CE006D9726 /* Setting */,
				705DF71B2B6C9FB9006D9726 /* Music */,
				705DF7202B6C9FB9006D9726 /* Movie */,
			);
			path = View;
			sourceTree = "<group>";
		};
		705DF71B2B6C9FB9006D9726 /* Music */ = {
			isa = PBXGroup;
			children = (
				705DF71C2B6C9FB9006D9726 /* MusicInspectorView.swift */,
				705DF71D2B6C9FB9006D9726 /* MusicCardView.swift */,
				705DF71E2B6C9FB9006D9726 /* MusicView.swift */,
				705DF71F2B6C9FB9006D9726 /* MusicPlayerView.swift */,
				705DF73F2B6D0E9D006D9726 /* MusicListView.swift */,
				705DF7412B6D240B006D9726 /* TimeSyncedLyricsView.swift */,
				707261D72B709E3A00F82D58 /* LyricsEditView.swift */,
			);
			path = Music;
			sourceTree = "<group>";
		};
		705DF7202B6C9FB9006D9726 /* Movie */ = {
			isa = PBXGroup;
			children = (
				705DF7212B6C9FB9006D9726 /* MovieCardView.swift */,
				705DF7222B6C9FB9006D9726 /* MovieView.swift */,
				705DF7232B6C9FB9006D9726 /* MoviePlayerView.swift */,
				705DF7242B6C9FB9006D9726 /* MovieInspectorView.swift */,
			);
			path = Movie;
			sourceTree = "<group>";
		};
		705DF74D2B6E06CE006D9726 /* Setting */ = {
			isa = PBXGroup;
			children = (
				705DF7472B6E0435006D9726 /* SettingsView.swift */,
				705DF7492B6E065A006D9726 /* GeneralView.swift */,
				705DF74B2B6E0674006D9726 /* KeybindingView.swift */,
				709B8B6D2B70C49A0048AE40 /* LocationView.swift */,
			);
			path = Setting;
			sourceTree = "<group>";
		};
		707261CA2B6F83E300F82D58 /* Player */ = {
			isa = PBXGroup;
			children = (
				705DF7252B6C9FB9006D9726 /* VideoPlayer.swift */,
				707261D32B6FF6E300F82D58 /* VolumeBar.swift */,
				707261D52B7091C700F82D58 /* ProgressBar.swift */,
			);
			path = Player;
			sourceTree = "<group>";
		};
		707261CE2B6F879E00F82D58 /* ViewModel */ = {
			isa = PBXGroup;
			children = (
				70F3A9D62B6F37030091EB65 /* ArthubPlayer.swift */,
			);
			path = ViewModel;
			sourceTree = "<group>";
		};
/* End PBXGroup section */

/* Begin PBXNativeTarget section */
		705DF6DD2B6C9F76006D9726 /* Arthub */ = {
			isa = PBXNativeTarget;
			buildConfigurationList = 705DF7052B6C9F77006D9726 /* Build configuration list for PBXNativeTarget "Arthub" */;
			buildPhases = (
				705DF6DA2B6C9F76006D9726 /* Sources */,
				705DF6DB2B6C9F76006D9726 /* Frameworks */,
				705DF6DC2B6C9F76006D9726 /* Resources */,
			);
			buildRules = (
			);
			dependencies = (
			);
			name = Arthub;
			productName = Arthub;
			productReference = 705DF6DE2B6C9F76006D9726 /* Arthub.app */;
			productType = "com.apple.product-type.application";
		};
		705DF6F02B6C9F77006D9726 /* ArthubTests */ = {
			isa = PBXNativeTarget;
			buildConfigurationList = 705DF7082B6C9F77006D9726 /* Build configuration list for PBXNativeTarget "ArthubTests" */;
			buildPhases = (
				705DF6ED2B6C9F77006D9726 /* Sources */,
				705DF6EE2B6C9F77006D9726 /* Frameworks */,
				705DF6EF2B6C9F77006D9726 /* Resources */,
			);
			buildRules = (
			);
			dependencies = (
				705DF6F32B6C9F77006D9726 /* PBXTargetDependency */,
			);
			name = ArthubTests;
			productName = ArthubTests;
			productReference = 705DF6F12B6C9F77006D9726 /* ArthubTests.xctest */;
			productType = "com.apple.product-type.bundle.unit-test";
		};
		705DF6FA2B6C9F77006D9726 /* ArthubUITests */ = {
			isa = PBXNativeTarget;
			buildConfigurationList = 705DF70B2B6C9F77006D9726 /* Build configuration list for PBXNativeTarget "ArthubUITests" */;
			buildPhases = (
				705DF6F72B6C9F77006D9726 /* Sources */,
				705DF6F82B6C9F77006D9726 /* Frameworks */,
				705DF6F92B6C9F77006D9726 /* Resources */,
			);
			buildRules = (
			);
			dependencies = (
				705DF6FD2B6C9F77006D9726 /* PBXTargetDependency */,
			);
			name = ArthubUITests;
			productName = ArthubUITests;
			productReference = 705DF6FB2B6C9F77006D9726 /* ArthubUITests.xctest */;
			productType = "com.apple.product-type.bundle.ui-testing";
		};
/* End PBXNativeTarget section */

/* Begin PBXProject section */
		705DF6D62B6C9F76006D9726 /* Project object */ = {
			isa = PBXProject;
			attributes = {
				BuildIndependentTargetsInParallel = 1;
				LastSwiftUpdateCheck = 1520;
				LastUpgradeCheck = 1520;
				TargetAttributes = {
					705DF6DD2B6C9F76006D9726 = {
						CreatedOnToolsVersion = 15.2;
					};
					705DF6F02B6C9F77006D9726 = {
						CreatedOnToolsVersion = 15.2;
						TestTargetID = 705DF6DD2B6C9F76006D9726;
					};
					705DF6FA2B6C9F77006D9726 = {
						CreatedOnToolsVersion = 15.2;
						TestTargetID = 705DF6DD2B6C9F76006D9726;
					};
				};
			};
			buildConfigurationList = 705DF6D92B6C9F76006D9726 /* Build configuration list for PBXProject "Arthub" */;
			compatibilityVersion = "Xcode 14.0";
			developmentRegion = en;
			hasScannedForEncodings = 0;
			knownRegions = (
				en,
				Base,
				"zh-Hans",
			);
			mainGroup = 705DF6D52B6C9F76006D9726;
			productRefGroup = 705DF6DF2B6C9F76006D9726 /* Products */;
			projectDirPath = "";
			projectRoot = "";
			targets = (
				705DF6DD2B6C9F76006D9726 /* Arthub */,
				705DF6F02B6C9F77006D9726 /* ArthubTests */,
				705DF6FA2B6C9F77006D9726 /* ArthubUITests */,
			);
		};
/* End PBXProject section */

/* Begin PBXResourcesBuildPhase section */
		705DF6DC2B6C9F76006D9726 /* Resources */ = {
			isa = PBXResourcesBuildPhase;
			buildActionMask = 2147483647;
			files = (
				70F3A9D42B6E886F0091EB65 /* music.mp3 in Resources */,
				705DF6EB2B6C9F77006D9726 /* Preview Assets.xcassets in Resources */,
				705DF7342B6CA01F006D9726 /* Localizable.xcstrings in Resources */,
				705DF6E82B6C9F77006D9726 /* Assets.xcassets in Resources */,
				705DF7442B6D5335006D9726 /* video.mp4 in Resources */,
			);
			runOnlyForDeploymentPostprocessing = 0;
		};
		705DF6EF2B6C9F77006D9726 /* Resources */ = {
			isa = PBXResourcesBuildPhase;
			buildActionMask = 2147483647;
			files = (
			);
			runOnlyForDeploymentPostprocessing = 0;
		};
		705DF6F92B6C9F77006D9726 /* Resources */ = {
			isa = PBXResourcesBuildPhase;
			buildActionMask = 2147483647;
			files = (
			);
			runOnlyForDeploymentPostprocessing = 0;
		};
/* End PBXResourcesBuildPhase section */

/* Begin PBXSourcesBuildPhase section */
		705DF6DA2B6C9F76006D9726 /* Sources */ = {
			isa = PBXSourcesBuildPhase;
			buildActionMask = 2147483647;
			files = (
				705DF7422B6D240B006D9726 /* TimeSyncedLyricsView.swift in Sources */,
				709B8B6E2B70C49A0048AE40 /* LocationView.swift in Sources */,
				705DF7152B6C9FA9006D9726 /* DateComponentsFormatter+.swift in Sources */,
				705DF72D2B6C9FB9006D9726 /* MovieView.swift in Sources */,
				705DF74A2B6E065A006D9726 /* GeneralView.swift in Sources */,
				707261D82B709E3A00F82D58 /* LyricsEditView.swift in Sources */,
				705DF7322B6C9FC6006D9726 /* ContentView.swift in Sources */,
				705DF7162B6C9FA9006D9726 /* TimeInterval+.swift in Sources */,
				705DF74F2B6E0AEF006D9726 /* UserDefaults+.swift in Sources */,
				705DF7272B6C9FB9006D9726 /* Movie.swift in Sources */,
				709B8B702B711D4A0048AE40 /* Image+.swift in Sources */,
				705DF7362B6CC66E006D9726 /* LyricSegment.swift in Sources */,
				705DF7262B6C9FB9006D9726 /* Music.swift in Sources */,
				705DF72A2B6C9FB9006D9726 /* MusicView.swift in Sources */,
				70F3A9D72B6F37030091EB65 /* ArthubPlayer.swift in Sources */,
				707261D02B6FB15D00F82D58 /* AVAudioPlayer+.swift in Sources */,
				705DF74C2B6E0674006D9726 /* KeybindingView.swift in Sources */,
				705DF7462B6E01FA006D9726 /* CGFloat+.swift in Sources */,
				705DF72B2B6C9FB9006D9726 /* MusicPlayerView.swift in Sources */,
				705DF7292B6C9FB9006D9726 /* MusicCardView.swift in Sources */,
				705DF72C2B6C9FB9006D9726 /* MovieCardView.swift in Sources */,
				705DF72E2B6C9FB9006D9726 /* MoviePlayerView.swift in Sources */,
				707261D22B6FD71500F82D58 /* Album.swift in Sources */,
				705DF7402B6D0E9D006D9726 /* MusicListView.swift in Sources */,
				705DF7142B6C9FA9006D9726 /* View+.swift in Sources */,
				705DF72F2B6C9FB9006D9726 /* MovieInspectorView.swift in Sources */,
				707261D42B6FF6E300F82D58 /* VolumeBar.swift in Sources */,
				705DF6E22B6C9F76006D9726 /* ArthubApp.swift in Sources */,
				705DF7302B6C9FB9006D9726 /* VideoPlayer.swift in Sources */,
				705DF7282B6C9FB9006D9726 /* MusicInspectorView.swift in Sources */,
				705DF73E2B6D0A97006D9726 /* Color+.swift in Sources */,
				707261D62B7091C700F82D58 /* ProgressBar.swift in Sources */,
				705DF7482B6E0435006D9726 /* SettingsView.swift in Sources */,
			);
			runOnlyForDeploymentPostprocessing = 0;
		};
		705DF6ED2B6C9F77006D9726 /* Sources */ = {
			isa = PBXSourcesBuildPhase;
			buildActionMask = 2147483647;
			files = (
				705DF6F62B6C9F77006D9726 /* ArthubTests.swift in Sources */,
			);
			runOnlyForDeploymentPostprocessing = 0;
		};
		705DF6F72B6C9F77006D9726 /* Sources */ = {
			isa = PBXSourcesBuildPhase;
			buildActionMask = 2147483647;
			files = (
				705DF7022B6C9F77006D9726 /* ArthubUITestsLaunchTests.swift in Sources */,
				705DF7002B6C9F77006D9726 /* ArthubUITests.swift in Sources */,
			);
			runOnlyForDeploymentPostprocessing = 0;
		};
/* End PBXSourcesBuildPhase section */

/* Begin PBXTargetDependency section */
		705DF6F32B6C9F77006D9726 /* PBXTargetDependency */ = {
			isa = PBXTargetDependency;
			target = 705DF6DD2B6C9F76006D9726 /* Arthub */;
			targetProxy = 705DF6F22B6C9F77006D9726 /* PBXContainerItemProxy */;
		};
		705DF6FD2B6C9F77006D9726 /* PBXTargetDependency */ = {
			isa = PBXTargetDependency;
			target = 705DF6DD2B6C9F76006D9726 /* Arthub */;
			targetProxy = 705DF6FC2B6C9F77006D9726 /* PBXContainerItemProxy */;
		};
/* End PBXTargetDependency section */

/* Begin XCBuildConfiguration section */
		705DF7032B6C9F77006D9726 /* Debug */ = {
			isa = XCBuildConfiguration;
			buildSettings = {
				ALWAYS_SEARCH_USER_PATHS = NO;
				ASSETCATALOG_COMPILER_GENERATE_SWIFT_ASSET_SYMBOL_EXTENSIONS = YES;
				CLANG_ANALYZER_NONNULL = YES;
				CLANG_ANALYZER_NUMBER_OBJECT_CONVERSION = YES_AGGRESSIVE;
				CLANG_CXX_LANGUAGE_STANDARD = "gnu++20";
				CLANG_ENABLE_MODULES = YES;
				CLANG_ENABLE_OBJC_ARC = YES;
				CLANG_ENABLE_OBJC_WEAK = YES;
				CLANG_WARN_BLOCK_CAPTURE_AUTORELEASING = YES;
				CLANG_WARN_BOOL_CONVERSION = YES;
				CLANG_WARN_COMMA = YES;
				CLANG_WARN_CONSTANT_CONVERSION = YES;
				CLANG_WARN_DEPRECATED_OBJC_IMPLEMENTATIONS = YES;
				CLANG_WARN_DIRECT_OBJC_ISA_USAGE = YES_ERROR;
				CLANG_WARN_DOCUMENTATION_COMMENTS = YES;
				CLANG_WARN_EMPTY_BODY = YES;
				CLANG_WARN_ENUM_CONVERSION = YES;
				CLANG_WARN_INFINITE_RECURSION = YES;
				CLANG_WARN_INT_CONVERSION = YES;
				CLANG_WARN_NON_LITERAL_NULL_CONVERSION = YES;
				CLANG_WARN_OBJC_IMPLICIT_RETAIN_SELF = YES;
				CLANG_WARN_OBJC_LITERAL_CONVERSION = YES;
				CLANG_WARN_OBJC_ROOT_CLASS = YES_ERROR;
				CLANG_WARN_QUOTED_INCLUDE_IN_FRAMEWORK_HEADER = YES;
				CLANG_WARN_RANGE_LOOP_ANALYSIS = YES;
				CLANG_WARN_STRICT_PROTOTYPES = YES;
				CLANG_WARN_SUSPICIOUS_MOVE = YES;
				CLANG_WARN_UNGUARDED_AVAILABILITY = YES_AGGRESSIVE;
				CLANG_WARN_UNREACHABLE_CODE = YES;
				CLANG_WARN__DUPLICATE_METHOD_MATCH = YES;
				CODE_SIGN_IDENTITY = "Apple Development";
				COPY_PHASE_STRIP = NO;
				DEBUG_INFORMATION_FORMAT = dwarf;
				ENABLE_STRICT_OBJC_MSGSEND = YES;
				ENABLE_TESTABILITY = YES;
				ENABLE_USER_SCRIPT_SANDBOXING = YES;
				GCC_C_LANGUAGE_STANDARD = gnu17;
				GCC_DYNAMIC_NO_PIC = NO;
				GCC_NO_COMMON_BLOCKS = YES;
				GCC_OPTIMIZATION_LEVEL = 0;
				GCC_PREPROCESSOR_DEFINITIONS = (
					"DEBUG=1",
					"$(inherited)",
				);
				GCC_WARN_64_TO_32_BIT_CONVERSION = YES;
				GCC_WARN_ABOUT_RETURN_TYPE = YES_ERROR;
				GCC_WARN_UNDECLARED_SELECTOR = YES;
				GCC_WARN_UNINITIALIZED_AUTOS = YES_AGGRESSIVE;
				GCC_WARN_UNUSED_FUNCTION = YES;
				GCC_WARN_UNUSED_VARIABLE = YES;
				LOCALIZATION_PREFERS_STRING_CATALOGS = YES;
				MACOSX_DEPLOYMENT_TARGET = 14.2;
				MTL_ENABLE_DEBUG_INFO = INCLUDE_SOURCE;
				MTL_FAST_MATH = YES;
				ONLY_ACTIVE_ARCH = YES;
				SDKROOT = macosx;
				SWIFT_ACTIVE_COMPILATION_CONDITIONS = "DEBUG $(inherited)";
				SWIFT_OPTIMIZATION_LEVEL = "-Onone";
			};
			name = Debug;
		};
		705DF7042B6C9F77006D9726 /* Release */ = {
			isa = XCBuildConfiguration;
			buildSettings = {
				ALWAYS_SEARCH_USER_PATHS = NO;
				ASSETCATALOG_COMPILER_GENERATE_SWIFT_ASSET_SYMBOL_EXTENSIONS = YES;
				CLANG_ANALYZER_NONNULL = YES;
				CLANG_ANALYZER_NUMBER_OBJECT_CONVERSION = YES_AGGRESSIVE;
				CLANG_CXX_LANGUAGE_STANDARD = "gnu++20";
				CLANG_ENABLE_MODULES = YES;
				CLANG_ENABLE_OBJC_ARC = YES;
				CLANG_ENABLE_OBJC_WEAK = YES;
				CLANG_WARN_BLOCK_CAPTURE_AUTORELEASING = YES;
				CLANG_WARN_BOOL_CONVERSION = YES;
				CLANG_WARN_COMMA = YES;
				CLANG_WARN_CONSTANT_CONVERSION = YES;
				CLANG_WARN_DEPRECATED_OBJC_IMPLEMENTATIONS = YES;
				CLANG_WARN_DIRECT_OBJC_ISA_USAGE = YES_ERROR;
				CLANG_WARN_DOCUMENTATION_COMMENTS = YES;
				CLANG_WARN_EMPTY_BODY = YES;
				CLANG_WARN_ENUM_CONVERSION = YES;
				CLANG_WARN_INFINITE_RECURSION = YES;
				CLANG_WARN_INT_CONVERSION = YES;
				CLANG_WARN_NON_LITERAL_NULL_CONVERSION = YES;
				CLANG_WARN_OBJC_IMPLICIT_RETAIN_SELF = YES;
				CLANG_WARN_OBJC_LITERAL_CONVERSION = YES;
				CLANG_WARN_OBJC_ROOT_CLASS = YES_ERROR;
				CLANG_WARN_QUOTED_INCLUDE_IN_FRAMEWORK_HEADER = YES;
				CLANG_WARN_RANGE_LOOP_ANALYSIS = YES;
				CLANG_WARN_STRICT_PROTOTYPES = YES;
				CLANG_WARN_SUSPICIOUS_MOVE = YES;
				CLANG_WARN_UNGUARDED_AVAILABILITY = YES_AGGRESSIVE;
				CLANG_WARN_UNREACHABLE_CODE = YES;
				CLANG_WARN__DUPLICATE_METHOD_MATCH = YES;
				CODE_SIGN_IDENTITY = "Apple Development";
				COPY_PHASE_STRIP = NO;
				DEBUG_INFORMATION_FORMAT = "dwarf-with-dsym";
				ENABLE_NS_ASSERTIONS = NO;
				ENABLE_STRICT_OBJC_MSGSEND = YES;
				ENABLE_USER_SCRIPT_SANDBOXING = YES;
				GCC_C_LANGUAGE_STANDARD = gnu17;
				GCC_NO_COMMON_BLOCKS = YES;
				GCC_WARN_64_TO_32_BIT_CONVERSION = YES;
				GCC_WARN_ABOUT_RETURN_TYPE = YES_ERROR;
				GCC_WARN_UNDECLARED_SELECTOR = YES;
				GCC_WARN_UNINITIALIZED_AUTOS = YES_AGGRESSIVE;
				GCC_WARN_UNUSED_FUNCTION = YES;
				GCC_WARN_UNUSED_VARIABLE = YES;
				LOCALIZATION_PREFERS_STRING_CATALOGS = YES;
				MACOSX_DEPLOYMENT_TARGET = 14.2;
				MTL_ENABLE_DEBUG_INFO = NO;
				MTL_FAST_MATH = YES;
				SDKROOT = macosx;
				SWIFT_COMPILATION_MODE = wholemodule;
			};
			name = Release;
		};
		705DF7062B6C9F77006D9726 /* Debug */ = {
			isa = XCBuildConfiguration;
			buildSettings = {
				ASSETCATALOG_COMPILER_APPICON_NAME = AppIcon;
				ASSETCATALOG_COMPILER_GLOBAL_ACCENT_COLOR_NAME = AccentColor;
				CODE_SIGN_ENTITLEMENTS = Arthub/Arthub.entitlements;
				CODE_SIGN_STYLE = Automatic;
				COMBINE_HIDPI_IMAGES = YES;
				CURRENT_PROJECT_VERSION = 1;
				DEVELOPMENT_ASSET_PATHS = "\"Arthub/Preview Content\"";
				DEVELOPMENT_TEAM = DTZV6LDYD5;
				ENABLE_HARDENED_RUNTIME = YES;
				ENABLE_PREVIEWS = YES;
				GENERATE_INFOPLIST_FILE = YES;
				INFOPLIST_KEY_NSHumanReadableCopyright = "";
				LD_RUNPATH_SEARCH_PATHS = (
					"$(inherited)",
					"@executable_path/../Frameworks",
				);
				MACOSX_DEPLOYMENT_TARGET = 14.0;
				MARKETING_VERSION = 1.0;
				PRODUCT_BUNDLE_IDENTIFIER = com.zhanghongshen.Arthub;
				PRODUCT_NAME = "$(TARGET_NAME)";
				SWIFT_EMIT_LOC_STRINGS = YES;
				SWIFT_VERSION = 5.0;
			};
			name = Debug;
		};
		705DF7072B6C9F77006D9726 /* Release */ = {
			isa = XCBuildConfiguration;
			buildSettings = {
				ASSETCATALOG_COMPILER_APPICON_NAME = AppIcon;
				ASSETCATALOG_COMPILER_GLOBAL_ACCENT_COLOR_NAME = AccentColor;
				CODE_SIGN_ENTITLEMENTS = Arthub/Arthub.entitlements;
				CODE_SIGN_STYLE = Automatic;
				COMBINE_HIDPI_IMAGES = YES;
				CURRENT_PROJECT_VERSION = 1;
				DEVELOPMENT_ASSET_PATHS = "\"Arthub/Preview Content\"";
				DEVELOPMENT_TEAM = DTZV6LDYD5;
				ENABLE_HARDENED_RUNTIME = YES;
				ENABLE_PREVIEWS = YES;
				GENERATE_INFOPLIST_FILE = YES;
				INFOPLIST_KEY_NSHumanReadableCopyright = "";
				LD_RUNPATH_SEARCH_PATHS = (
					"$(inherited)",
					"@executable_path/../Frameworks",
				);
				MACOSX_DEPLOYMENT_TARGET = 14.0;
				MARKETING_VERSION = 1.0;
				PRODUCT_BUNDLE_IDENTIFIER = com.zhanghongshen.Arthub;
				PRODUCT_NAME = "$(TARGET_NAME)";
				SWIFT_EMIT_LOC_STRINGS = YES;
				SWIFT_VERSION = 5.0;
			};
			name = Release;
		};
		705DF7092B6C9F77006D9726 /* Debug */ = {
			isa = XCBuildConfiguration;
			buildSettings = {
				ALWAYS_EMBED_SWIFT_STANDARD_LIBRARIES = YES;
				BUNDLE_LOADER = "$(TEST_HOST)";
				CODE_SIGN_STYLE = Automatic;
				CURRENT_PROJECT_VERSION = 1;
				DEVELOPMENT_TEAM = DTZV6LDYD5;
				GENERATE_INFOPLIST_FILE = YES;
				MACOSX_DEPLOYMENT_TARGET = 14.0;
				MARKETING_VERSION = 1.0;
				PRODUCT_BUNDLE_IDENTIFIER = com.zhanghongshen.ArthubTests;
				PRODUCT_NAME = "$(TARGET_NAME)";
				SWIFT_EMIT_LOC_STRINGS = NO;
				SWIFT_VERSION = 5.0;
				TEST_HOST = "$(BUILT_PRODUCTS_DIR)/Arthub.app/$(BUNDLE_EXECUTABLE_FOLDER_PATH)/Arthub";
			};
			name = Debug;
		};
		705DF70A2B6C9F77006D9726 /* Release */ = {
			isa = XCBuildConfiguration;
			buildSettings = {
				ALWAYS_EMBED_SWIFT_STANDARD_LIBRARIES = YES;
				BUNDLE_LOADER = "$(TEST_HOST)";
				CODE_SIGN_STYLE = Automatic;
				CURRENT_PROJECT_VERSION = 1;
				DEVELOPMENT_TEAM = DTZV6LDYD5;
				GENERATE_INFOPLIST_FILE = YES;
				MACOSX_DEPLOYMENT_TARGET = 14.0;
				MARKETING_VERSION = 1.0;
				PRODUCT_BUNDLE_IDENTIFIER = com.zhanghongshen.ArthubTests;
				PRODUCT_NAME = "$(TARGET_NAME)";
				SWIFT_EMIT_LOC_STRINGS = NO;
				SWIFT_VERSION = 5.0;
				TEST_HOST = "$(BUILT_PRODUCTS_DIR)/Arthub.app/$(BUNDLE_EXECUTABLE_FOLDER_PATH)/Arthub";
			};
			name = Release;
		};
		705DF70C2B6C9F77006D9726 /* Debug */ = {
			isa = XCBuildConfiguration;
			buildSettings = {
				ALWAYS_EMBED_SWIFT_STANDARD_LIBRARIES = YES;
				CODE_SIGN_STYLE = Automatic;
				CURRENT_PROJECT_VERSION = 1;
				DEVELOPMENT_TEAM = DTZV6LDYD5;
				GENERATE_INFOPLIST_FILE = YES;
				MARKETING_VERSION = 1.0;
				PRODUCT_BUNDLE_IDENTIFIER = com.zhanghongshen.ArthubUITests;
				PRODUCT_NAME = "$(TARGET_NAME)";
				SWIFT_EMIT_LOC_STRINGS = NO;
				SWIFT_VERSION = 5.0;
				TEST_TARGET_NAME = Arthub;
			};
			name = Debug;
		};
		705DF70D2B6C9F77006D9726 /* Release */ = {
			isa = XCBuildConfiguration;
			buildSettings = {
				ALWAYS_EMBED_SWIFT_STANDARD_LIBRARIES = YES;
				CODE_SIGN_STYLE = Automatic;
				CURRENT_PROJECT_VERSION = 1;
				DEVELOPMENT_TEAM = DTZV6LDYD5;
				GENERATE_INFOPLIST_FILE = YES;
				MARKETING_VERSION = 1.0;
				PRODUCT_BUNDLE_IDENTIFIER = com.zhanghongshen.ArthubUITests;
				PRODUCT_NAME = "$(TARGET_NAME)";
				SWIFT_EMIT_LOC_STRINGS = NO;
				SWIFT_VERSION = 5.0;
				TEST_TARGET_NAME = Arthub;
			};
			name = Release;
		};
/* End XCBuildConfiguration section */

/* Begin XCConfigurationList section */
		705DF6D92B6C9F76006D9726 /* Build configuration list for PBXProject "Arthub" */ = {
			isa = XCConfigurationList;
			buildConfigurations = (
				705DF7032B6C9F77006D9726 /* Debug */,
				705DF7042B6C9F77006D9726 /* Release */,
			);
			defaultConfigurationIsVisible = 0;
			defaultConfigurationName = Release;
		};
		705DF7052B6C9F77006D9726 /* Build configuration list for PBXNativeTarget "Arthub" */ = {
			isa = XCConfigurationList;
			buildConfigurations = (
				705DF7062B6C9F77006D9726 /* Debug */,
				705DF7072B6C9F77006D9726 /* Release */,
			);
			defaultConfigurationIsVisible = 0;
			defaultConfigurationName = Release;
		};
		705DF7082B6C9F77006D9726 /* Build configuration list for PBXNativeTarget "ArthubTests" */ = {
			isa = XCConfigurationList;
			buildConfigurations = (
				705DF7092B6C9F77006D9726 /* Debug */,
				705DF70A2B6C9F77006D9726 /* Release */,
			);
			defaultConfigurationIsVisible = 0;
			defaultConfigurationName = Release;
		};
		705DF70B2B6C9F77006D9726 /* Build configuration list for PBXNativeTarget "ArthubUITests" */ = {
			isa = XCConfigurationList;
			buildConfigurations = (
				705DF70C2B6C9F77006D9726 /* Debug */,
				705DF70D2B6C9F77006D9726 /* Release */,
			);
			defaultConfigurationIsVisible = 0;
			defaultConfigurationName = Release;
		};
/* End XCConfigurationList section */
	};
	rootObject = 705DF6D62B6C9F76006D9726 /* Project object */;
}
